
Microsoft Visual Studio Solution File, Format Version 12.00
# Visual Studio Version 18
VisualStudioVersion = 18.0.11205.157
MinimumVisualStudioVersion = 10.0.40219.1
Project("{2150E333-8FDC-42A3-9474-1A3956D46DE8}") = "pxwc", "pxwc", "{5C04660C-396B-4908-9866-3FE95CB355E5}"
EndProject
Project("{2150E333-8FDC-42A3-9474-1A3956D46DE8}") = "inc", "inc", "{C450D1D4-96C2-400E-9780-C91B811BC8B3}"
	ProjectSection(SolutionItems) = preProject
		pxwc\inc\alloca.h = pxwc\inc\alloca.h
		pxwc\inc\dirent.h = pxwc\inc\dirent.h
		pxwc\inc\endian.h = pxwc\inc\endian.h
		pxwc\inc\err.h = pxwc\inc\err.h
		pxwc\inc\features.h = pxwc\inc\features.h
		pxwc\inc\fenv.h = pxwc\inc\fenv.h
		pxwc\inc\getopt.h = pxwc\inc\getopt.h
		pxwc\inc\inttypes.h = pxwc\inc\inttypes.h
		pxwc\inc\pxwc.h = pxwc\inc\pxwc.h
		pxwc\inc\readlink.h = pxwc\inc\readlink.h
		pxwc\inc\regex.h = pxwc\inc\regex.h
		pxwc\inc\stdint.h = pxwc\inc\stdint.h
		pxwc\inc\strings.h = pxwc\inc\strings.h
		pxwc\inc\unistd.h = pxwc\inc\unistd.h
		pxwc\inc\utime.h = pxwc\inc\utime.h
		pxwc\inc\win_paths.c = pxwc\inc\win_paths.c
	EndProjectSection
EndProject
Project("{2150E333-8FDC-42A3-9474-1A3956D46DE8}") = "bits", "bits", "{0ABD542B-B16C-4A71-BF48-9011C79674A6}"
	ProjectSection(SolutionItems) = preProject
		pxwc\inc\bits\fenv.h = pxwc\inc\bits\fenv.h
		pxwc\inc\bits\huge.h = pxwc\inc\bits\huge.h
		pxwc\inc\bits\libc-lock.h = pxwc\inc\bits\libc-lock.h
		pxwc\inc\bits\locale.h = pxwc\inc\bits\locale.h
		pxwc\inc\bits\mathdef.h = pxwc\inc\bits\mathdef.h
		pxwc\inc\bits\mathinline.h = pxwc\inc\bits\mathinline.h
		pxwc\inc\bits\nan.h = pxwc\inc\bits\nan.h
		pxwc\inc\bits\pthreaddef.h = pxwc\inc\bits\pthreaddef.h
		pxwc\inc\bits\pthreadtypes.h = pxwc\inc\bits\pthreadtypes.h
		pxwc\inc\bits\resource.h = pxwc\inc\bits\resource.h
		pxwc\inc\bits\scheddef.h = pxwc\inc\bits\scheddef.h
		pxwc\inc\bits\sigaction.h = pxwc\inc\bits\sigaction.h
		pxwc\inc\bits\sigaltstack.h = pxwc\inc\bits\sigaltstack.h
		pxwc\inc\bits\sigevent.h = pxwc\inc\bits\sigevent.h
		pxwc\inc\bits\siginfo.h = pxwc\inc\bits\siginfo.h
		pxwc\inc\bits\signum.h = pxwc\inc\bits\signum.h
		pxwc\inc\bits\sigset.h = pxwc\inc\bits\sigset.h
		pxwc\inc\bits\sigvec.h = pxwc\inc\bits\sigvec.h
		pxwc\inc\bits\stdio-lock.h = pxwc\inc\bits\stdio-lock.h
		pxwc\inc\bits\stdio.h = pxwc\inc\bits\stdio.h
		pxwc\inc\bits\stdio_lim.h = pxwc\inc\bits\stdio_lim.h
		pxwc\inc\bits\string.h = pxwc\inc\bits\string.h
		pxwc\inc\bits\string2.h = pxwc\inc\bits\string2.h
		pxwc\inc\bits\timeval.h = pxwc\inc\bits\timeval.h
		pxwc\inc\bits\types.h = pxwc\inc\bits\types.h
	EndProjectSection
EndProject
Project("{2150E333-8FDC-42A3-9474-1A3956D46DE8}") = "confix_wa", "confix_wa", "{4FAB551C-1B51-487F-902E-3B45C7C93BE5}"
	ProjectSection(SolutionItems) = preProject
		pxwc\inc\confix_wa\times.h = pxwc\inc\confix_wa\times.h
	EndProjectSection
EndProject
Project("{2150E333-8FDC-42A3-9474-1A3956D46DE8}") = "sys", "sys", "{F839259D-F9D8-4D77-98DA-49EDA85FAE42}"
	ProjectSection(SolutionItems) = preProject
		pxwc\inc\sys\file.h = pxwc\inc\sys\file.h
		pxwc\inc\sys\param.h = pxwc\inc\sys\param.h
		pxwc\inc\sys\resource.h = pxwc\inc\sys\resource.h
		pxwc\inc\sys\select.h = pxwc\inc\sys\select.h
		pxwc\inc\sys\socket.h = pxwc\inc\sys\socket.h
		pxwc\inc\sys\sysmacros.h = pxwc\inc\sys\sysmacros.h
		pxwc\inc\sys\time.h = pxwc\inc\sys\time.h
		pxwc\inc\sys\types.h = pxwc\inc\sys\types.h
	EndProjectSection
EndProject
Project("{8BC9CEB8-8B4A-11D0-8D11-00A0C91BC942}") = "qemu-img", "qemu-img.vcxproj", "{9658550B-07CC-4605-91C3-BA8058852235}"
	ProjectSection(ProjectDependencies) = postProject
		{D5A3B76F-4C21-4E85-9A2B-6E83F0C71E4A} = {D5A3B76F-4C21-4E85-9A2B-6E83F0C71E4A}
	EndProjectSection
EndProject
Project("{8BC9CEB8-8B4A-11D0-8D11-00A0C91BC942}") = "qemu-io", "qemu-io.vcxproj", "{70A44934-FE36-427B-9452-2999C23C58A1}"
EndProject
Project("{8BC9CEB8-8B4A-11D0-8D11-00A0C91BC942}") = "qemu-system-alpha", "qemu-system-alpha.vcxproj", "{A09B5EDB-6BF5-4C24-ABA9-4750A92BDC57}"
	ProjectSection(ProjectDependencies) = postProject
		{81CE8DAF-EBB2-4761-8E45-B71ABCCA8C68} = {81CE8DAF-EBB2-4761-8E45-B71ABCCA8C68}
		{DA956FD3-E142-46F2-9DD5-C78BEBB56B7A} = {DA956FD3-E142-46F2-9DD5-C78BEBB56B7A}
		{D5A3B76F-4C21-4E85-9A2B-6E83F0C71E4A} = {D5A3B76F-4C21-4E85-9A2B-6E83F0C71E4A}
	EndProjectSection
EndProject
Project("{8BC9CEB8-8B4A-11D0-8D11-00A0C91BC942}") = "qemu-system-i386", "qemu-system-i386.vcxproj", "{043CD6CD-5932-4FFE-A2E5-173B7682D109}"
	ProjectSection(ProjectDependencies) = postProject
		{81CE8DAF-EBB2-4761-8E45-B71ABCCA8C68} = {81CE8DAF-EBB2-4761-8E45-B71ABCCA8C68}
		{DA956FD3-E142-46F2-9DD5-C78BEBB56B7A} = {DA956FD3-E142-46F2-9DD5-C78BEBB56B7A}
		{D5A3B76F-4C21-4E85-9A2B-6E83F0C71E4A} = {D5A3B76F-4C21-4E85-9A2B-6E83F0C71E4A}
	EndProjectSection
EndProject
Project("{8BC9CEB8-8B4A-11D0-8D11-00A0C91BC942}") = "SDL", "third_party\SDL-1.2-main\VisualC\SDL\SDL.vcxproj", "{81CE8DAF-EBB2-4761-8E45-B71ABCCA8C68}"
EndProject
Project("{8BC9CEB8-8B4A-11D0-8D11-00A0C91BC942}") = "SDLmain", "third_party\SDL-1.2-main\VisualC\SDLmain\SDLmain.vcxproj", "{DA956FD3-E142-46F2-9DD5-C78BEBB56B7A}"
	ProjectSection(ProjectDependencies) = postProject
		{81CE8DAF-EBB2-4761-8E45-B71ABCCA8C68} = {81CE8DAF-EBB2-4761-8E45-B71ABCCA8C68}
	EndProjectSection
EndProject
Project("{8BC9CEB8-8B4A-11D0-8D11-00A0C91BC942}") = "pixman", "pixman.vcxproj", "{D5A3B76F-4C21-4E85-9A2B-6E83F0C71E4A}"
EndProject
Global
	GlobalSection(SolutionConfigurationPlatforms) = preSolution
		Debug|Win32 = Debug|Win32
		Debug|x64 = Debug|x64
		Debug-alpha|Win32 = Debug-alpha|Win32
		Debug-alpha|x64 = Debug-alpha|x64
		Release|Win32 = Release|Win32
		Release|x64 = Release|x64
	EndGlobalSection
	GlobalSection(ProjectConfigurationPlatforms) = postSolution
		{D5A3B76F-4C21-4E85-9A2B-6E83F0C71E4A}.Debug|Win32.ActiveCfg = Debug|Win32
		{D5A3B76F-4C21-4E85-9A2B-6E83F0C71E4A}.Debug|Win32.Build.0 = Debug|Win32
		{D5A3B76F-4C21-4E85-9A2B-6E83F0C71E4A}.Debug|x64.ActiveCfg = Debug|x64
		{D5A3B76F-4C21-4E85-9A2B-6E83F0C71E4A}.Debug|x64.Build.0 = Debug|x64
		{D5A3B76F-4C21-4E85-9A2B-6E83F0C71E4A}.Debug-alpha|Win32.ActiveCfg = Debug|Win32
		{D5A3B76F-4C21-4E85-9A2B-6E83F0C71E4A}.Debug-alpha|Win32.Build.0 = Debug|Win32
		{D5A3B76F-4C21-4E85-9A2B-6E83F0C71E4A}.Debug-alpha|x64.ActiveCfg = Debug|x64
		{D5A3B76F-4C21-4E85-9A2B-6E83F0C71E4A}.Debug-alpha|x64.Build.0 = Debug|x64
		{D5A3B76F-4C21-4E85-9A2B-6E83F0C71E4A}.Release|Win32.ActiveCfg = Release|Win32
		{D5A3B76F-4C21-4E85-9A2B-6E83F0C71E4A}.Release|Win32.Build.0 = Release|Win32
		{D5A3B76F-4C21-4E85-9A2B-6E83F0C71E4A}.Release|x64.ActiveCfg = Release|x64
		{D5A3B76F-4C21-4E85-9A2B-6E83F0C71E4A}.Release|x64.Build.0 = Release|x64
		{9658550B-07CC-4605-91C3-BA8058852235}.Debug|Win32.ActiveCfg = Debug|Win32
		{9658550B-07CC-4605-91C3-BA8058852235}.Debug|Win32.Build.0 = Debug|Win32
		{9658550B-07CC-4605-91C3-BA8058852235}.Debug|x64.ActiveCfg = Debug|x64
		{9658550B-07CC-4605-91C3-BA8058852235}.Debug|x64.Build.0 = Debug|x64
		{9658550B-07CC-4605-91C3-BA8058852235}.Debug-alpha|Win32.ActiveCfg = Debug|Win32
		{9658550B-07CC-4605-91C3-BA8058852235}.Debug-alpha|Win32.Build.0 = Debug|Win32
		{9658550B-07CC-4605-91C3-BA8058852235}.Debug-alpha|x64.ActiveCfg = Debug|x64
		{9658550B-07CC-4605-91C3-BA8058852235}.Debug-alpha|x64.Build.0 = Debug|x64
		{9658550B-07CC-4605-91C3-BA8058852235}.Release|Win32.ActiveCfg = Release|Win32
		{9658550B-07CC-4605-91C3-BA8058852235}.Release|Win32.Build.0 = Release|Win32
		{9658550B-07CC-4605-91C3-BA8058852235}.Release|x64.ActiveCfg = Release|x64
		{9658550B-07CC-4605-91C3-BA8058852235}.Release|x64.Build.0 = Release|x64
		{70A44934-FE36-427B-9452-2999C23C58A1}.Debug|Win32.ActiveCfg = Debug|Win32
		{70A44934-FE36-427B-9452-2999C23C58A1}.Debug|Win32.Build.0 = Debug|Win32
		{70A44934-FE36-427B-9452-2999C23C58A1}.Debug|x64.ActiveCfg = Debug|x64
		{70A44934-FE36-427B-9452-2999C23C58A1}.Debug|x64.Build.0 = Debug|x64
		{70A44934-FE36-427B-9452-2999C23C58A1}.Debug-alpha|Win32.ActiveCfg = Debug|Win32
		{70A44934-FE36-427B-9452-2999C23C58A1}.Debug-alpha|Win32.Build.0 = Debug|Win32
		{70A44934-FE36-427B-9452-2999C23C58A1}.Debug-alpha|x64.ActiveCfg = Debug|x64
		{70A44934-FE36-427B-9452-2999C23C58A1}.Debug-alpha|x64.Build.0 = Debug|x64
		{70A44934-FE36-427B-9452-2999C23C58A1}.Release|Win32.ActiveCfg = Release|Win32
		{70A44934-FE36-427B-9452-2999C23C58A1}.Release|Win32.Build.0 = Release|Win32
		{70A44934-FE36-427B-9452-2999C23C58A1}.Release|x64.ActiveCfg = Release|x64
		{70A44934-FE36-427B-9452-2999C23C58A1}.Release|x64.Build.0 = Release|x64
		{A09B5EDB-6BF5-4C24-ABA9-4750A92BDC57}.Debug|Win32.ActiveCfg = Debug|Win32
		{A09B5EDB-6BF5-4C24-ABA9-4750A92BDC57}.Debug|x64.ActiveCfg = Debug|x64
		{A09B5EDB-6BF5-4C24-ABA9-4750A92BDC57}.Debug|x64.Build.0 = Debug|x64
		{A09B5EDB-6BF5-4C24-ABA9-4750A92BDC57}.Debug-alpha|Win32.ActiveCfg = Debug|Win32
		{A09B5EDB-6BF5-4C24-ABA9-4750A92BDC57}.Debug-alpha|Win32.Build.0 = Debug|Win32
		{A09B5EDB-6BF5-4C24-ABA9-4750A92BDC57}.Debug-alpha|x64.ActiveCfg = Debug|x64
		{A09B5EDB-6BF5-4C24-ABA9-4750A92BDC57}.Debug-alpha|x64.Build.0 = Debug|x64
		{A09B5EDB-6BF5-4C24-ABA9-4750A92BDC57}.Release|Win32.ActiveCfg = Release|Win32
		{A09B5EDB-6BF5-4C24-ABA9-4750A92BDC57}.Release|Win32.Build.0 = Release|Win32
		{A09B5EDB-6BF5-4C24-ABA9-4750A92BDC57}.Release|x64.ActiveCfg = Release|x64
		{A09B5EDB-6BF5-4C24-ABA9-4750A92BDC57}.Release|x64.Build.0 = Release|x64
		{043CD6CD-5932-4FFE-A2E5-173B7682D109}.Debug|Win32.ActiveCfg = Debug|Win32
		{043CD6CD-5932-4FFE-A2E5-173B7682D109}.Debug|Win32.Build.0 = Debug|Win32
		{043CD6CD-5932-4FFE-A2E5-173B7682D109}.Debug|x64.ActiveCfg = Debug|x64
		{043CD6CD-5932-4FFE-A2E5-173B7682D109}.Debug|x64.Build.0 = Debug|x64
		{043CD6CD-5932-4FFE-A2E5-173B7682D109}.Debug-alpha|Win32.ActiveCfg = Debug-alpha|Win32
		{043CD6CD-5932-4FFE-A2E5-173B7682D109}.Debug-alpha|Win32.Build.0 = Debug-alpha|Win32
		{043CD6CD-5932-4FFE-A2E5-173B7682D109}.Debug-alpha|x64.ActiveCfg = Debug-alpha|x64
		{043CD6CD-5932-4FFE-A2E5-173B7682D109}.Debug-alpha|x64.Build.0 = Debug-alpha|x64
		{043CD6CD-5932-4FFE-A2E5-173B7682D109}.Release|Win32.ActiveCfg = Release|Win32
		{043CD6CD-5932-4FFE-A2E5-173B7682D109}.Release|Win32.Build.0 = Release|Win32
		{043CD6CD-5932-4FFE-A2E5-173B7682D109}.Release|x64.ActiveCfg = Release|x64
		{043CD6CD-5932-4FFE-A2E5-173B7682D109}.Release|x64.Build.0 = Release|x64
		{81CE8DAF-EBB2-4761-8E45-B71ABCCA8C68}.Debug|Win32.ActiveCfg = Debug|Win32
		{81CE8DAF-EBB2-4761-8E45-B71ABCCA8C68}.Debug|Win32.Build.0 = Debug|Win32
		{81CE8DAF-EBB2-4761-8E45-B71ABCCA8C68}.Debug|x64.ActiveCfg = Debug|x64
		{81CE8DAF-EBB2-4761-8E45-B71ABCCA8C68}.Debug|x64.Build.0 = Debug|x64
		{81CE8DAF-EBB2-4761-8E45-B71ABCCA8C68}.Debug-alpha|Win32.ActiveCfg = Debug|Win32
		{81CE8DAF-EBB2-4761-8E45-B71ABCCA8C68}.Debug-alpha|Win32.Build.0 = Debug|Win32
		{81CE8DAF-EBB2-4761-8E45-B71ABCCA8C68}.Debug-alpha|x64.ActiveCfg = Debug|x64
		{81CE8DAF-EBB2-4761-8E45-B71ABCCA8C68}.Debug-alpha|x64.Build.0 = Debug|x64
		{81CE8DAF-EBB2-4761-8E45-B71ABCCA8C68}.Release|Win32.ActiveCfg = Release|Win32
		{81CE8DAF-EBB2-4761-8E45-B71ABCCA8C68}.Release|Win32.Build.0 = Release|Win32
		{81CE8DAF-EBB2-4761-8E45-B71ABCCA8C68}.Release|x64.ActiveCfg = Release|x64
		{81CE8DAF-EBB2-4761-8E45-B71ABCCA8C68}.Release|x64.Build.0 = Release|x64
		{DA956FD3-E142-46F2-9DD5-C78BEBB56B7A}.Debug|Win32.ActiveCfg = Debug|Win32
		{DA956FD3-E142-46F2-9DD5-C78BEBB56B7A}.Debug|Win32.Build.0 = Debug|Win32
		{DA956FD3-E142-46F2-9DD5-C78BEBB56B7A}.Debug|x64.ActiveCfg = Debug|x64
		{DA956FD3-E142-46F2-9DD5-C78BEBB56B7A}.Debug|x64.Build.0 = Debug|x64
		{DA956FD3-E142-46F2-9DD5-C78BEBB56B7A}.Debug-alpha|Win32.ActiveCfg = Debug|Win32
		{DA956FD3-E142-46F2-9DD5-C78BEBB56B7A}.Debug-alpha|Win32.Build.0 = Debug|Win32
		{DA956FD3-E142-46F2-9DD5-C78BEBB56B7A}.Debug-alpha|x64.ActiveCfg = Debug|x64
		{DA956FD3-E142-46F2-9DD5-C78BEBB56B7A}.Debug-alpha|x64.Build.0 = Debug|x64
		{DA956FD3-E142-46F2-9DD5-C78BEBB56B7A}.Release|Win32.ActiveCfg = Release|Win32
		{DA956FD3-E142-46F2-9DD5-C78BEBB56B7A}.Release|Win32.Build.0 = Release|Win32
		{DA956FD3-E142-46F2-9DD5-C78BEBB56B7A}.Release|x64.ActiveCfg = Release|x64
		{DA956FD3-E142-46F2-9DD5-C78BEBB56B7A}.Release|x64.Build.0 = Release|x64
	EndGlobalSection
	GlobalSection(SolutionProperties) = preSolution
		HideSolutionNode = FALSE
	EndGlobalSection
	GlobalSection(NestedProjects) = preSolution
		{C450D1D4-96C2-400E-9780-C91B811BC8B3} = {5C04660C-396B-4908-9866-3FE95CB355E5}
		{0ABD542B-B16C-4A71-BF48-9011C79674A6} = {C450D1D4-96C2-400E-9780-C91B811BC8B3}
		{4FAB551C-1B51-487F-902E-3B45C7C93BE5} = {C450D1D4-96C2-400E-9780-C91B811BC8B3}
		{F839259D-F9D8-4D77-98DA-49EDA85FAE42} = {C450D1D4-96C2-400E-9780-C91B811BC8B3}
	EndGlobalSection
	GlobalSection(ExtensibilityGlobals) = postSolution
		SolutionGuid = {8E6802A2-FB5F-4B08-B19D-0458DC96A19A}
	EndGlobalSection
EndGlobal
