<?xml version="1.0" encoding="utf-8"?>
<Project ToolsVersion="4.0" xmlns="http://schemas.microsoft.com/developer/msbuild/2003">
  <ItemGroup>
    <Filter Include="qemu">
      <UniqueIdentifier>{5B015A9A-A658-C93E-9EF3-1FBD0E83D2B9}</UniqueIdentifier>
    </Filter>
    <Filter Include="qemu\fpu">
      <UniqueIdentifier>{49C671DE-6473-AFAD-ABC6-0C4FADE8505B}</UniqueIdentifier>
    </Filter>
    <Filter Include="qemu\fpu\inc">
      <UniqueIdentifier>{E8FB23F4-E585-33F0-19E7-C51E470DC87D}</UniqueIdentifier>
    </Filter>
    <Filter Include="qemu\fpu\src">
      <UniqueIdentifier>{76C709D1-598D-9008-F1F9-6F5D36D97D00}</UniqueIdentifier>
    </Filter>
    <Filter Include="qemu\hw">
      <UniqueIdentifier>{E0362293-D896-B766-22DD-7F0B75CD667D}</UniqueIdentifier>
    </Filter>
    <Filter Include="qemu\hw\ide">
      <UniqueIdentifier>{E7851320-A8B5-3E15-57CE-FFEDEC25275C}</UniqueIdentifier>
    </Filter>
    <Filter Include="qemu\hw\ide\src">
      <UniqueIdentifier>{2A67B71D-51A2-2E75-FA93-97E0195E0DDC}</UniqueIdentifier>
    </Filter>
    <Filter Include="qemu\hw\inc">
      <UniqueIdentifier>{742D83CF-CC23-E9D5-41D4-4C5900129D01}</UniqueIdentifier>
    </Filter>
    <Filter Include="qemu\hw\pci">
      <UniqueIdentifier>{03BFC819-5F4C-7959-F9FE-F1D8A6AF6789}</UniqueIdentifier>
    </Filter>
    <Filter Include="qemu\hw\pci\inc">
      <UniqueIdentifier>{3CA1FF2C-FD09-3552-125B-8E287EA6292D}</UniqueIdentifier>
    </Filter>
    <Filter Include="qemu\hw\pci\src">
      <UniqueIdentifier>{41B492AA-D09F-40C7-C088-FE453A99028B}</UniqueIdentifier>
    </Filter>
    <Filter Include="qemu\hw\src">
      <UniqueIdentifier>{13B62EBE-8FB0-014F-954E-DA400A682E7F}</UniqueIdentifier>
    </Filter>
    <Filter Include="qemu\inc">
      <UniqueIdentifier>{3300D0F2-8400-449F-3B54-B0429827DF41}</UniqueIdentifier>
    </Filter>
    <Filter Include="qemu\src">
      <UniqueIdentifier>{3B4323E4-5735-3895-C1E3-922A5BC93979}</UniqueIdentifier>
    </Filter>
    <Filter Include="qemu\target-alpha">
      <UniqueIdentifier>{980F3EB0-D95F-BBC1-F7C1-9626729852D4}</UniqueIdentifier>
    </Filter>
    <Filter Include="qemu\target-alpha\inc">
      <UniqueIdentifier>{543316F6-7E5D-59E9-ADB9-23298490FF1C}</UniqueIdentifier>
    </Filter>
    <Filter Include="qemu\target-alpha\src">
      <UniqueIdentifier>{BEB5EA4A-F648-72D8-79DF-53011ABA1E8E}</UniqueIdentifier>
    </Filter>
    <Filter Include="qemu\tcg">
      <UniqueIdentifier>{EBFB7125-3B56-4011-0F61-D8219B7294F0}</UniqueIdentifier>
    </Filter>
    <Filter Include="qemu\tcg\i386">
      <UniqueIdentifier>{9D24CB5A-95B9-692A-9DB9-AF1F4CAAE214}</UniqueIdentifier>
    </Filter>
    <Filter Include="qemu\tcg\i386\inc">
      <UniqueIdentifier>{CBCF1C5B-46D8-77BC-ECD2-526E64291A7B}</UniqueIdentifier>
    </Filter>
    <Filter Include="qemu\tcg\i386\src">
      <UniqueIdentifier>{BFD547B4-62DC-A96C-B94B-E2287B8311EF}</UniqueIdentifier>
    </Filter>
    <Filter Include="qemu\tcg\inc">
      <UniqueIdentifier>{C59E1C3D-FC0A-3F3B-9AAC-AC212D04933A}</UniqueIdentifier>
    </Filter>
    <Filter Include="qemu\tcg\src">
      <UniqueIdentifier>{A71BA964-6BE8-767B-BF9A-386B5B4A132C}</UniqueIdentifier>
    </Filter>
    <Filter Include="qemu\ui">
      <UniqueIdentifier>{FD301092-6DA2-D806-5ACA-2B00CC3ADC04}</UniqueIdentifier>
    </Filter>
    <Filter Include="qemu\ui\inc">
      <UniqueIdentifier>{FAF250C7-4C6B-2EDA-0080-F99703F0648F}</UniqueIdentifier>
    </Filter>
    <Filter Include="qemu\ui\src">
      <UniqueIdentifier>{02A10245-979C-B492-9141-22FD03B93137}</UniqueIdentifier>
    </Filter>
    <Filter Include="qemu\util">
      <UniqueIdentifier>{C2F6B4D0-8E13-4A7B-9C25-6D8E3F1A72B9}</UniqueIdentifier>
    </Filter>
    <Filter Include="qemu\include">
      <UniqueIdentifier>{B7E5A3C1-4D82-4F6A-9E1B-3C7A8D2F5E60}</UniqueIdentifier>
    </Filter>
    <Filter Include="Source Files">
      <UniqueIdentifier>{4FC737F1-C7A5-4376-A066-2A32D752A2FF}</UniqueIdentifier>
      <Extensions>cpp;c;cc;cxx;c++;cppm;ixx;def;odl;idl;hpj;bat;asm;asmx</Extensions>
    </Filter>
    <Filter Include="Header Files">
      <UniqueIdentifier>{93995380-89BD-4b04-88EB-625FBE52EBFB}</UniqueIdentifier>
      <Extensions>h;hh;hpp;hxx;h++;hm;inl;inc;ipp;xsd</Extensions>
    </Filter>
    <Filter Include="Resource Files">
      <UniqueIdentifier>{67DA6AB6-F800-4c08-8B7A-83BB121AAD01}</UniqueIdentifier>
      <Extensions>rc;ico;cur;bmp;dlg;rc2;rct;bin;rgs;gif;jpg;jpeg;jpe;resx;tiff;tif;png;wav;mfcribbon-ms</Extensions>
    </Filter>
    <Filter Include="Source Files\src">
      <UniqueIdentifier>{418085f2-2de1-462e-a568-db450952cef7}</UniqueIdentifier>
    </Filter>
    <Filter Include="Source Files\target-alpha">
      <UniqueIdentifier>{2e52e951-84b1-4e3a-8a37-4d8530af9188}</UniqueIdentifier>
    </Filter>
    <Filter Include="Source Files\hw">
      <UniqueIdentifier>{8174a55c-39a1-4a89-871e-06b9555c2d58}</UniqueIdentifier>
    </Filter>
    <Filter Include="Source Files\hw\src">
      <UniqueIdentifier>{623b14ae-7850-49f8-bd07-440dcc5405b0}</UniqueIdentifier>
    </Filter>
    <Filter Include="Source Files\hw\IDE">
      <UniqueIdentifier>{5fc3dc06-aa3c-43f2-a381-c830b1827313}</UniqueIdentifier>
    </Filter>
    <Filter Include="Source Files\ui">
      <UniqueIdentifier>{7df3fff1-f7db-4e9b-9afe-4c7600599589}</UniqueIdentifier>
    </Filter>
    <Filter Include="Source Files\ui\src">
      <UniqueIdentifier>{a94cbb0c-b9bc-49ff-b467-110f877ef02c}</UniqueIdentifier>
    </Filter>
    <Filter Include="Source Files\tcg">
      <UniqueIdentifier>{d71e805f-afb8-410d-962a-f4a64062d441}</UniqueIdentifier>
    </Filter>
    <Filter Include="Source Files\tcg\i386">
      <UniqueIdentifier>{0cd17c83-e851-4164-8a19-c429d2d24a63}</UniqueIdentifier>
    </Filter>
    <Filter Include="Source Files\fpu">
      <UniqueIdentifier>{24854534-596d-48a4-989b-6bb321d44d5b}</UniqueIdentifier>
    </Filter>
    <Filter Include="Header Files\inc">
      <UniqueIdentifier>{aa4d5353-75f0-4737-a874-09468b891f22}</UniqueIdentifier>
    </Filter>
    <Filter Include="Header Files\hw">
      <UniqueIdentifier>{3ba1d94a-1398-4315-a1e8-5db6987f1f17}</UniqueIdentifier>
    </Filter>
    <Filter Include="Header Files\ui">
      <UniqueIdentifier>{ff2552a5-fcc3-4fa0-81b9-2f83a54c87b1}</UniqueIdentifier>
    </Filter>
  </ItemGroup>
  <ItemGroup>
    <ClInclude Include="qemu\include\sysemu\arch_init.h">
      <Filter>qemu\include</Filter>
    </ClInclude>
    <ClInclude Include="qemu\include\sysemu\cpus.h">
      <Filter>qemu\include</Filter>
    </ClInclude>
    <ClInclude Include="qemu\include\monitor\monitor.h">
      <Filter>qemu\include</Filter>
    </ClInclude>
    <ClInclude Include="qemu\include\exec\gdbstub.h">
      <Filter>qemu\include</Filter>
    </ClInclude>
    <ClInclude Include="qemu\include\sysemu\balloon.h">
      <Filter>qemu\include</Filter>
    </ClInclude>
    <ClInclude Include="qemu\target-alpha\cpu.h">
      <Filter>qemu\target-alpha\inc</Filter>
    </ClInclude>
    <ClInclude Include="qemu\target-alpha\helper.h">
      <Filter>qemu\target-alpha\inc</Filter>
    </ClInclude>
    <ClInclude Include="qemu\include\exec\memory.h">
      <Filter>qemu\include</Filter>
    </ClInclude>
    <ClInclude Include="qemu\config.h">
      <Filter>qemu\inc</Filter>
    </ClInclude>
    <ClInclude Include="qemu\include\qemu-common.h">
      <Filter>qemu\include</Filter>
    </ClInclude>
    <ClInclude Include="qemu\config-host.h">
      <Filter>qemu\inc</Filter>
    </ClInclude>
    <ClInclude Include="qemu\tcg\tcg-op.h">
      <Filter>qemu\tcg\inc</Filter>
    </ClInclude>
    <ClInclude Include="qemu\tcg\tcg-opc.h">
      <Filter>qemu\tcg\inc</Filter>
    </ClInclude>
    <ClInclude Include="qemu\tcg\tcg.h">
      <Filter>qemu\tcg\inc</Filter>
    </ClInclude>
    <ClInclude Include="qemu\tcg\i386\tcg-target.h">
      <Filter>qemu\tcg\i386\inc</Filter>
    </ClInclude>
    <ClInclude Include="qemu\fpu\softfloat-macros.h">
      <Filter>qemu\fpu\inc</Filter>
    </ClInclude>
    <ClInclude Include="qemu\fpu\softfloat-specialize.h">
      <Filter>qemu\fpu\inc</Filter>
    </ClInclude>
    <ClInclude Include="qemu\include\fpu\softfloat.h">
      <Filter>qemu\include</Filter>
    </ClInclude>
    <ClInclude Include="qemu\hw\hw.h">
      <Filter>qemu\hw\inc</Filter>
    </ClInclude>
    <ClInclude Include="qemu\hw\mc146818rtc.h">
      <Filter>qemu\hw\inc</Filter>
    </ClInclude>
    <ClInclude Include="qemu\hw\pci\pci.h">
      <Filter>qemu\hw\pci\inc</Filter>
    </ClInclude>
    <ClInclude Include="qemu\hw\pci\pci_bridge.h">
      <Filter>qemu\hw\pci\inc</Filter>
    </ClInclude>
    <ClInclude Include="qemu\hw\pci\pci_host.h">
      <Filter>qemu\hw\pci\inc</Filter>
    </ClInclude>
    <ClInclude Include="qemu\hw\pci\pci_ids.h">
      <Filter>qemu\hw\pci\inc</Filter>
    </ClInclude>
    <ClInclude Include="qemu\hw\pci\pci_regs.h">
      <Filter>qemu\hw\pci\inc</Filter>
    </ClInclude>
    <ClInclude Include="qemu\hw\vga_int.h">
      <Filter>qemu\hw\inc</Filter>
    </ClInclude>
    <ClInclude Include="qemu\hw\vga_template.h">
      <Filter>qemu\hw\inc</Filter>
    </ClInclude>
    <ClInclude Include="qemu\hw\vhost_net.h">
      <Filter>qemu\hw\inc</Filter>
    </ClInclude>
    <ClInclude Include="qemu\ui\curses_keys.h">
      <Filter>qemu\ui\inc</Filter>
    </ClInclude>
    <ClInclude Include="qemu\ui\d3des.h">
      <Filter>qemu\ui\inc</Filter>
    </ClInclude>
    <ClInclude Include="qemu\ui\keymaps.h">
      <Filter>qemu\ui\inc</Filter>
    </ClInclude>
    <ClInclude Include="qemu\include\ui\qemu-spice.h">
      <Filter>qemu\include</Filter>
    </ClInclude>
    <ClInclude Include="qemu\ui\sdl_keysym.h">
      <Filter>qemu\ui\inc</Filter>
    </ClInclude>
    <ClInclude Include="qemu\ui\sdl_zoom.h">
      <Filter>qemu\ui\inc</Filter>
    </ClInclude>
    <ClInclude Include="qemu\ui\sdl_zoom_template.h">
      <Filter>qemu\ui\inc</Filter>
    </ClInclude>
    <ClInclude Include="qemu\include\ui\spice-display.h">
      <Filter>qemu\include</Filter>
    </ClInclude>
    <ClInclude Include="qemu\ui\vnc.h">
      <Filter>qemu\ui\inc</Filter>
    </ClInclude>
    <ClInclude Include="qemu\ui\vnc_keysym.h">
      <Filter>qemu\ui\inc</Filter>
    </ClInclude>
    <ClInclude Include="qemu\ui\vnc-auth-sasl.h">
      <Filter>qemu\ui\inc</Filter>
    </ClInclude>
    <ClInclude Include="qemu\ui\vnc-auth-vencrypt.h">
      <Filter>qemu\ui\inc</Filter>
    </ClInclude>
    <ClInclude Include="qemu\ui\vnc-enc-hextile-template.h">
      <Filter>qemu\ui\inc</Filter>
    </ClInclude>
    <ClInclude Include="qemu\ui\vnc-enc-tight.h">
      <Filter>qemu\ui\inc</Filter>
    </ClInclude>
    <ClInclude Include="qemu\ui\vnc-enc-zrle.h">
      <Filter>qemu\ui\inc</Filter>
    </ClInclude>
    <ClInclude Include="qemu\ui\vnc-enc-zywrle.h">
      <Filter>qemu\ui\inc</Filter>
    </ClInclude>
    <ClInclude Include="qemu\ui\vnc-jobs.h">
      <Filter>qemu\ui\inc</Filter>
    </ClInclude>
    <ClInclude Include="qemu\ui\vnc-palette.h">
      <Filter>qemu\ui\inc</Filter>
    </ClInclude>
    <ClInclude Include="qemu\ui\vnc-tls.h">
      <Filter>qemu\ui\inc</Filter>
    </ClInclude>
    <ClInclude Include="qemu\ui\x_keymap.h">
      <Filter>qemu\ui\inc</Filter>
    </ClInclude>
  </ItemGroup>
  <ItemGroup>
    <ClCompile Include="qemu\arch_init.c">
      <Filter>qemu\src</Filter>
    </ClCompile>
    <ClCompile Include="qemu\cpus.c">
      <Filter>qemu\src</Filter>
    </ClCompile>
    <ClCompile Include="qemu\monitor.c">
      <Filter>qemu\src</Filter>
    </ClCompile>
    <ClCompile Include="qemu\gdbstub.c">
      <Filter>qemu\src</Filter>
    </ClCompile>
    <ClCompile Include="qemu\balloon.c">
      <Filter>qemu\src</Filter>
    </ClCompile>
    <ClCompile Include="qemu\target-alpha\helper.c">
      <Filter>qemu\target-alpha\src</Filter>
    </ClCompile>
    <ClCompile Include="qemu\target-alpha\machine.c">
      <Filter>qemu\target-alpha\src</Filter>
    </ClCompile>
    <ClCompile Include="qemu\target-alpha\translate.c">
      <Filter>qemu\target-alpha\src</Filter>
    </ClCompile>
    <ClCompile Include="qemu\hw\vhost_net.c">
      <Filter>qemu\hw\src</Filter>
    </ClCompile>
    <ClCompile Include="qemu\kvm-stub.c">
      <Filter>qemu\src</Filter>
    </ClCompile>
    <ClCompile Include="qemu\memory.c">
      <Filter>qemu\src</Filter>
    </ClCompile>
    <ClCompile Include="qemu\hw\i8259.c">
      <Filter>qemu\hw\src</Filter>
    </ClCompile>
    <ClCompile Include="qemu\hw\mc146818rtc.c">
      <Filter>qemu\hw\src</Filter>
    </ClCompile>
    <ClCompile Include="qemu\hw\vga.c">
      <Filter>qemu\hw\src</Filter>
    </ClCompile>
    <ClCompile Include="qemu\hw\cirrus_vga.c">
      <Filter>qemu\hw\src</Filter>
    </ClCompile>
    <ClCompile Include="qemu\hw\pckbd.c">
      <Filter>qemu\hw\src</Filter>
    </ClCompile>
    <ClCompile Include="qemu\hw\vga-pci.c">
      <Filter>qemu\hw\src</Filter>
    </ClCompile>
    <ClCompile Include="qemu\hw\ide\core.c">
      <Filter>qemu\hw\ide\src</Filter>
    </ClCompile>
    <ClCompile Include="qemu\hw\ide\qdev.c">
      <Filter>qemu\hw\ide\src</Filter>
    </ClCompile>
    <ClCompile Include="qemu\hw\vmware_vga.c">
      <Filter>qemu\hw\src</Filter>
    </ClCompile>
    <ClCompile Include="qemu\hw\ide\cmd646.c">
      <Filter>qemu\hw\ide\src</Filter>
    </ClCompile>
    <ClCompile Include="qemu\hw\isa-bus.c">
      <Filter>qemu\hw\src</Filter>
    </ClCompile>
    <ClCompile Include="qemu\hw\isa_mmio.c">
      <Filter>qemu\hw\src</Filter>
    </ClCompile>
    <ClCompile Include="qemu\hw\pci\pci.c">
      <Filter>qemu\hw\pci\src</Filter>
    </ClCompile>
    <ClCompile Include="qemu\hw\pci\pci_bridge.c">
      <Filter>qemu\hw\pci\src</Filter>
    </ClCompile>
    <ClCompile Include="qemu\hw\pci\pci_host.c">
      <Filter>qemu\hw\pci\src</Filter>
    </ClCompile>
    <ClCompile Include="qemu\spice-qemu-char.c">
      <Filter>qemu\src</Filter>
    </ClCompile>
    <ClCompile Include="qemu\ui\curses.c">
      <Filter>qemu\ui\src</Filter>
    </ClCompile>
    <ClCompile Include="qemu\ui\d3des.c">
      <Filter>qemu\ui\src</Filter>
    </ClCompile>
    <ClCompile Include="qemu\ui\keymaps.c">
      <Filter>qemu\ui\src</Filter>
    </ClCompile>
    <ClCompile Include="qemu\ui\sdl.c">
      <Filter>qemu\ui\src</Filter>
    </ClCompile>
    <ClCompile Include="qemu\ui\sdl_zoom.c">
      <Filter>qemu\ui\src</Filter>
    </ClCompile>
    <ClCompile Include="qemu\ui\spice-core.c">
      <Filter>qemu\ui\src</Filter>
    </ClCompile>
    <ClCompile Include="qemu\ui\spice-display.c">
      <Filter>qemu\ui\src</Filter>
    </ClCompile>
    <ClCompile Include="qemu\ui\spice-input.c">
      <Filter>qemu\ui\src</Filter>
    </ClCompile>
    <ClCompile Include="qemu\ui\vnc-auth-sasl.c">
      <Filter>qemu\ui\src</Filter>
    </ClCompile>
    <ClCompile Include="qemu\ui\vnc-auth-vencrypt.c">
      <Filter>qemu\ui\src</Filter>
    </ClCompile>
    <ClCompile Include="qemu\ui\vnc-enc-hextile.c">
      <Filter>qemu\ui\src</Filter>
    </ClCompile>
    <ClCompile Include="qemu\ui\vnc-enc-tight.c">
      <Filter>qemu\ui\src</Filter>
    </ClCompile>
    <ClCompile Include="qemu\ui\vnc-enc-zlib.c">
      <Filter>qemu\ui\src</Filter>
    </ClCompile>
    <ClCompile Include="qemu\ui\vnc-enc-zrle-template.c">
      <Filter>qemu\ui\src</Filter>
    </ClCompile>
    <ClCompile Include="qemu\ui\vnc-enc-zrle.c">
      <Filter>qemu\ui\src</Filter>
    </ClCompile>
    <ClCompile Include="qemu\ui\vnc-enc-zywrle-template.c">
      <Filter>qemu\ui\src</Filter>
    </ClCompile>
    <ClCompile Include="qemu\ui\vnc-palette.c">
      <Filter>qemu\ui\src</Filter>
    </ClCompile>
    <ClCompile Include="qemu\ui\vnc-tls.c">
      <Filter>qemu\ui\src</Filter>
    </ClCompile>
    <ClCompile Include="qemu\ui\vnc.c">
      <Filter>qemu\ui\src</Filter>
    </ClCompile>
    <ClCompile Include="qemu\ui\x_keymap.c">
      <Filter>qemu\ui\src</Filter>
    </ClCompile>
    <ClCompile Include="qemu\tcg\optimize.c">
      <Filter>qemu\tcg\src</Filter>
    </ClCompile>
    <ClCompile Include="qemu\tcg\tcg.c">
      <Filter>qemu\tcg\src</Filter>
    </ClCompile>
    <ClCompile Include="qemu\tcg\i386\tcg-target.c">
      <Filter>qemu\tcg\i386\src</Filter>
    </ClCompile>
    <ClCompile Include="qemu\vl.c">
      <Filter>qemu\src</Filter>
    </ClCompile>
    <ClCompile Include="qemu\fpu\softfloat.c">
      <Filter>qemu\fpu\src</Filter>
    </ClCompile>
  </ItemGroup>
</Project>