<?xml version="1.0" encoding="utf-8"?>
<Project ToolsVersion="4.0" xmlns="http://schemas.microsoft.com/developer/msbuild/2003">
  <ItemGroup>
    <Filter Include="Source Files">
      <UniqueIdentifier>{4FC737F1-C7A5-4376-A066-2A32D752A2FF}</UniqueIdentifier>
      <Extensions>cpp;c;cc;cxx;def;odl;idl;hpj;bat;asm;asmx</Extensions>
    </Filter>
    <Filter Include="Header Files">
      <UniqueIdentifier>{93995380-89BD-4b04-88EB-625FBE52EBFB}</UniqueIdentifier>
      <Extensions>h;hpp;hxx;hm;inl;inc;xsd</Extensions>
    </Filter>
    <Filter Include="resource">
      <UniqueIdentifier>{67DA6AB6-F800-4c08-8B7A-83BB121AAD01}</UniqueIdentifier>
      <Extensions>rc;ico;cur;bmp;dlg;rc2;rct;bin;rgs;gif;jpg;jpeg;jpe;resx;tiff;tif;png;wav</Extensions>
    </Filter>
    <Filter Include="qemu">
      <UniqueIdentifier>{ebf981e7-cf4b-458b-abf3-1da7564fa059}</UniqueIdentifier>
    </Filter>
    <Filter Include="qemu\inc">
      <UniqueIdentifier>{675b6046-bd16-4deb-ab4d-7509c63748f1}</UniqueIdentifier>
    </Filter>
    <Filter Include="qemu\src">
      <UniqueIdentifier>{4659e3a1-7ecb-4829-b070-fe547c19fa07}</UniqueIdentifier>
    </Filter>
    <Filter Include="qemu\audio">
      <UniqueIdentifier>{8554a310-392b-44e4-95a4-ddb472b3000a}</UniqueIdentifier>
    </Filter>
    <Filter Include="qemu\fpu">
      <UniqueIdentifier>{d27a5ac2-021d-4eae-8908-644375b828b5}</UniqueIdentifier>
    </Filter>
    <Filter Include="qemu\hw">
      <UniqueIdentifier>{235ece8c-2ac3-4df3-b0ad-eb16e2b5ed48}</UniqueIdentifier>
    </Filter>
    <Filter Include="qemu\hw\src">
      <UniqueIdentifier>{afbd14fa-13cd-4831-b451-74396ee9f2a4}</UniqueIdentifier>
    </Filter>
    <Filter Include="qemu\target-i386">
      <UniqueIdentifier>{a711231a-59ed-40e5-b3d5-c1a13ae92b97}</UniqueIdentifier>
    </Filter>
    <Filter Include="qemu\target-alpha">
      <UniqueIdentifier>{e72866bb-be52-4bbd-9998-3f723e3f759b}</UniqueIdentifier>
    </Filter>
    <Filter Include="qemu\block">
      <UniqueIdentifier>{8784dc82-aca4-46a7-ac8e-57c127a36ba3}</UniqueIdentifier>
    </Filter>
    <Filter Include="qemu\block\src">
      <UniqueIdentifier>{dc3c6453-7eb5-4bee-9978-4786f6958ca8}</UniqueIdentifier>
    </Filter>
    <Filter Include="qemu\block\inc">
      <UniqueIdentifier>{039344ec-5e63-44cd-94d8-cde2ccf4dffb}</UniqueIdentifier>
    </Filter>
    <Filter Include="qemu\hw\IDE">
      <UniqueIdentifier>{24fe5184-2270-4d17-a24a-619bf86bd48d}</UniqueIdentifier>
    </Filter>
    <Filter Include="qemu\net">
      <UniqueIdentifier>{47031a1f-3173-44a7-b206-8659545c1370}</UniqueIdentifier>
    </Filter>
    <Filter Include="qemu\net\src">
      <UniqueIdentifier>{4cb3f3d8-9b66-44f4-a19d-fde9a3afc296}</UniqueIdentifier>
    </Filter>
    <Filter Include="qemu\net\inc">
      <UniqueIdentifier>{32d67252-48d4-4d41-962c-c13199be45c6}</UniqueIdentifier>
    </Filter>
    <Filter Include="qemu\fsdev">
      <UniqueIdentifier>{941eb3e9-1622-4b21-8ba4-bf6be022eea9}</UniqueIdentifier>
    </Filter>
    <Filter Include="qemu\ui">
      <UniqueIdentifier>{1d0d847b-ecbb-44ca-8c84-7667c572bbb8}</UniqueIdentifier>
    </Filter>
    <Filter Include="qemu\ui\src">
      <UniqueIdentifier>{bea4adcd-960a-4e78-b016-4014ac24ecfb}</UniqueIdentifier>
    </Filter>
    <Filter Include="qemu\ui\inc">
      <UniqueIdentifier>{4dfa7d91-642d-4ba0-a108-2ed08286c072}</UniqueIdentifier>
    </Filter>
    <Filter Include="qemu\tcg">
      <UniqueIdentifier>{1ab6a015-5923-45ca-bb42-e449f91387ed}</UniqueIdentifier>
    </Filter>
    <Filter Include="qemu\tcg\i386">
      <UniqueIdentifier>{c6a05c39-725b-430e-a929-ffe6eeb3ff98}</UniqueIdentifier>
    </Filter>
    <Filter Include="qemu\slirp">
      <UniqueIdentifier>{afdae92a-ba13-4761-b9ce-184813dc9134}</UniqueIdentifier>
    </Filter>
    <Filter Include="qemu\hw\inc">
      <UniqueIdentifier>{b0874354-61cf-45ce-9050-7e50250010c8}</UniqueIdentifier>
    </Filter>
    <Filter Include="qemu\hw\9pfs">
      <UniqueIdentifier>{53dcd84f-20a2-4ba0-8358-b20779f2d65b}</UniqueIdentifier>
    </Filter>
  </ItemGroup>
  <ItemGroup>
    <ClCompile Include="dllmain.cpp">
      <Filter>Source Files</Filter>
    </ClCompile>
    <ClCompile Include="stdafx.cpp">
      <Filter>Source Files</Filter>
    </ClCompile>
    <ClCompile Include="WinQemu.cpp">
      <Filter>Source Files</Filter>
    </ClCompile>
    <ClCompile Include="qemu\aes.c">
      <Filter>qemu\src</Filter>
    </ClCompile>
    <ClCompile Include="qemu\aio.c">
      <Filter>qemu\src</Filter>
    </ClCompile>
    <ClCompile Include="qemu\alpha-dis.c">
      <Filter>qemu\src</Filter>
    </ClCompile>
    <ClCompile Include="qemu\arm-dis.c">
      <Filter>qemu\src</Filter>
    </ClCompile>
    <ClCompile Include="qemu\arm-semi.c">
      <Filter>qemu\src</Filter>
    </ClCompile>
    <ClCompile Include="qemu\block.c">
      <Filter>qemu\src</Filter>
    </ClCompile>
    <ClCompile Include="qemu\bt-host.c">
      <Filter>qemu\src</Filter>
    </ClCompile>
    <ClCompile Include="qemu\bt-vhci.c">
      <Filter>qemu\src</Filter>
    </ClCompile>
    <ClCompile Include="qemu\buffered_file.c">
      <Filter>qemu\src</Filter>
    </ClCompile>
    <ClCompile Include="qemu\cache-utils.c">
      <Filter>qemu\src</Filter>
    </ClCompile>
    <ClCompile Include="qemu\console.c">
      <Filter>qemu\src</Filter>
    </ClCompile>
    <ClCompile Include="qemu\cpu-exec.c">
      <Filter>qemu\src</Filter>
    </ClCompile>
    <ClCompile Include="qemu\cris-dis.c">
      <Filter>qemu\src</Filter>
    </ClCompile>
    <ClCompile Include="qemu\cutils.c">
      <Filter>qemu\src</Filter>
    </ClCompile>
    <ClCompile Include="qemu\device_tree.c">
      <Filter>qemu\src</Filter>
    </ClCompile>
    <ClCompile Include="qemu\disas.c">
      <Filter>qemu\src</Filter>
    </ClCompile>
    <ClCompile Include="qemu\dma-helpers.c">
      <Filter>qemu\src</Filter>
    </ClCompile>
    <ClCompile Include="qemu\exec.c">
      <Filter>qemu\src</Filter>
    </ClCompile>
    <ClCompile Include="qemu\host-utils.c">
      <Filter>qemu\src</Filter>
    </ClCompile>
    <ClCompile Include="qemu\hppa-dis.c">
      <Filter>qemu\src</Filter>
    </ClCompile>
    <ClCompile Include="qemu\i386-dis.c">
      <Filter>qemu\src</Filter>
    </ClCompile>
    <ClCompile Include="qemu\kqemu.c">
      <Filter>qemu\src</Filter>
    </ClCompile>
    <ClCompile Include="qemu\kvm-all.c">
      <Filter>qemu\src</Filter>
    </ClCompile>
    <ClCompile Include="qemu\m68k-dis.c">
      <Filter>qemu\src</Filter>
    </ClCompile>
    <ClCompile Include="qemu\m68k-semi.c">
      <Filter>qemu\src</Filter>
    </ClCompile>
    <ClCompile Include="qemu\mathex.cpp">
      <Filter>qemu\src</Filter>
    </ClCompile>
    <ClCompile Include="qemu\migration-exec.c">
      <Filter>qemu\src</Filter>
    </ClCompile>
    <ClCompile Include="qemu\migration-tcp.c">
      <Filter>qemu\src</Filter>
    </ClCompile>
    <ClCompile Include="qemu\migration.c">
      <Filter>qemu\src</Filter>
    </ClCompile>
    <ClCompile Include="qemu\mips-dis.c">
      <Filter>qemu\src</Filter>
    </ClCompile>
    <ClCompile Include="qemu\monitor.c">
      <Filter>qemu\src</Filter>
    </ClCompile>
    <ClCompile Include="qemu\nbd.c">
      <Filter>qemu\src</Filter>
    </ClCompile>
    <ClCompile Include="qemu\net.c">
      <Filter>qemu\src</Filter>
    </ClCompile>
    <ClCompile Include="qemu\osdep.c">
      <Filter>qemu\src</Filter>
    </ClCompile>
    <ClCompile Include="qemu\posix-aio-compat.c">
      <Filter>qemu\src</Filter>
    </ClCompile>
    <ClCompile Include="qemu\ppc-dis.c">
      <Filter>qemu\src</Filter>
    </ClCompile>
    <ClCompile Include="qemu\qemu-char.c">
      <Filter>qemu\src</Filter>
    </ClCompile>
    <ClCompile Include="qemu\qemu-img.c">
      <Filter>qemu\src</Filter>
    </ClCompile>
    <ClCompile Include="qemu\qemu-malloc.c">
      <Filter>qemu\src</Filter>
    </ClCompile>
    <ClCompile Include="qemu\qemu-nbd.c">
      <Filter>qemu\src</Filter>
    </ClCompile>
    <ClCompile Include="qemu\qemu-sockets.c">
      <Filter>qemu\src</Filter>
    </ClCompile>
    <ClCompile Include="qemu\qemu-tool.c">
      <Filter>qemu\src</Filter>
    </ClCompile>
    <ClCompile Include="qemu\readline.c">
      <Filter>qemu\src</Filter>
    </ClCompile>
    <ClCompile Include="qemu\s390-dis.c">
      <Filter>qemu\src</Filter>
    </ClCompile>
    <ClCompile Include="qemu\savevm.c">
      <Filter>qemu\src</Filter>
    </ClCompile>
    <ClCompile Include="qemu\sh4-dis.c">
      <Filter>qemu\src</Filter>
    </ClCompile>
    <ClCompile Include="qemu\sparc-dis.c">
      <Filter>qemu\src</Filter>
    </ClCompile>
    <ClCompile Include="qemu\thunk.c">
      <Filter>qemu\src</Filter>
    </ClCompile>
    <ClCompile Include="qemu\translate-all.c">
      <Filter>qemu\src</Filter>
    </ClCompile>
    <ClCompile Include="qemu\usb-bsd.c">
      <Filter>qemu\src</Filter>
    </ClCompile>
    <ClCompile Include="qemu\usb-linux.c">
      <Filter>qemu\src</Filter>
    </ClCompile>
    <ClCompile Include="qemu\usb-stub.c">
      <Filter>qemu\src</Filter>
    </ClCompile>
    <ClCompile Include="qemu\vl.c">
      <Filter>qemu\src</Filter>
    </ClCompile>
    <ClCompile Include="qemu\audio\alsaaudio.c">
      <Filter>qemu\audio</Filter>
    </ClCompile>
    <ClCompile Include="qemu\audio\audio.c">
      <Filter>qemu\audio</Filter>
    </ClCompile>
    <ClCompile Include="qemu\audio\audio_pt_int.c">
      <Filter>qemu\audio</Filter>
    </ClCompile>
    <ClCompile Include="qemu\audio\coreaudio.c">
      <Filter>qemu\audio</Filter>
    </ClCompile>
    <ClCompile Include="qemu\audio\dsoundaudio.c">
      <Filter>qemu\audio</Filter>
    </ClCompile>
    <ClCompile Include="qemu\audio\esdaudio.c">
      <Filter>qemu\audio</Filter>
    </ClCompile>
    <ClCompile Include="qemu\audio\fmodaudio.c">
      <Filter>qemu\audio</Filter>
    </ClCompile>
    <ClCompile Include="qemu\audio\mixeng.c">
      <Filter>qemu\audio</Filter>
    </ClCompile>
    <ClCompile Include="qemu\audio\noaudio.c">
      <Filter>qemu\audio</Filter>
    </ClCompile>
    <ClCompile Include="qemu\audio\ossaudio.c">
      <Filter>qemu\audio</Filter>
    </ClCompile>
    <ClCompile Include="qemu\audio\paaudio.c">
      <Filter>qemu\audio</Filter>
    </ClCompile>
    <ClCompile Include="qemu\audio\sdlaudio.c">
      <Filter>qemu\audio</Filter>
    </ClCompile>
    <ClCompile Include="qemu\audio\wavaudio.c">
      <Filter>qemu\audio</Filter>
    </ClCompile>
    <ClCompile Include="qemu\audio\wavcapture.c">
      <Filter>qemu\audio</Filter>
    </ClCompile>
    <ClCompile Include="qemu\fpu\softfloat.c">
      <Filter>qemu\fpu</Filter>
    </ClCompile>
    <ClCompile Include="qemu\hw\ac97.c">
      <Filter>qemu\hw\src</Filter>
    </ClCompile>
    <ClCompile Include="qemu\hw\acpi.c">
      <Filter>qemu\hw\src</Filter>
    </ClCompile>
    <ClCompile Include="qemu\hw\adb.c">
      <Filter>qemu\hw\src</Filter>
    </ClCompile>
    <ClCompile Include="qemu\hw\adlib.c">
      <Filter>qemu\hw\src</Filter>
    </ClCompile>
    <ClCompile Include="qemu\hw\ads7846.c">
      <Filter>qemu\hw\src</Filter>
    </ClCompile>
    <ClCompile Include="qemu\hw\alpha_palcode.c">
      <Filter>qemu\hw\src</Filter>
    </ClCompile>
    <ClCompile Include="qemu\hw\an5206.c">
      <Filter>qemu\hw\src</Filter>
    </ClCompile>
    <ClCompile Include="qemu\hw\apb_pci.c">
      <Filter>qemu\hw\src</Filter>
    </ClCompile>
    <ClCompile Include="qemu\hw\apic.c">
      <Filter>qemu\hw\src</Filter>
    </ClCompile>
    <ClCompile Include="qemu\hw\arm_boot.c">
      <Filter>qemu\hw\src</Filter>
    </ClCompile>
    <ClCompile Include="qemu\hw\arm_gic.c">
      <Filter>qemu\hw\src</Filter>
    </ClCompile>
    <ClCompile Include="qemu\hw\arm_pic.c">
      <Filter>qemu\hw\src</Filter>
    </ClCompile>
    <ClCompile Include="qemu\hw\arm_sysctl.c">
      <Filter>qemu\hw\src</Filter>
    </ClCompile>
    <ClCompile Include="qemu\hw\arm_timer.c">
      <Filter>qemu\hw\src</Filter>
    </ClCompile>
    <ClCompile Include="qemu\hw\armv7m.c">
      <Filter>qemu\hw\src</Filter>
    </ClCompile>
    <ClCompile Include="qemu\hw\armv7m_nvic.c">
      <Filter>qemu\hw\src</Filter>
    </ClCompile>
    <ClCompile Include="qemu\hw\axis_dev88.c">
      <Filter>qemu\hw\src</Filter>
    </ClCompile>
    <ClCompile Include="qemu\hw\baum.c">
      <Filter>qemu\hw\src</Filter>
    </ClCompile>
    <ClCompile Include="qemu\hw\blizzard.c">
      <Filter>qemu\hw\src</Filter>
    </ClCompile>
    <ClCompile Include="qemu\hw\bt-hci-csr.c">
      <Filter>qemu\hw\src</Filter>
    </ClCompile>
    <ClCompile Include="qemu\hw\bt-hci.c">
      <Filter>qemu\hw\src</Filter>
    </ClCompile>
    <ClCompile Include="qemu\hw\bt-hid.c">
      <Filter>qemu\hw\src</Filter>
    </ClCompile>
    <ClCompile Include="qemu\hw\bt-l2cap.c">
      <Filter>qemu\hw\src</Filter>
    </ClCompile>
    <ClCompile Include="qemu\hw\bt-sdp.c">
      <Filter>qemu\hw\src</Filter>
    </ClCompile>
    <ClCompile Include="qemu\hw\bt.c">
      <Filter>qemu\hw\src</Filter>
    </ClCompile>
    <ClCompile Include="qemu\hw\cbus.c">
      <Filter>qemu\hw\src</Filter>
    </ClCompile>
    <ClCompile Include="qemu\hw\cdrom.c">
      <Filter>qemu\hw\src</Filter>
    </ClCompile>
    <ClCompile Include="qemu\hw\cirrus_vga.c">
      <Filter>qemu\hw\src</Filter>
    </ClCompile>
    <ClCompile Include="qemu\hw\cs4231.c">
      <Filter>qemu\hw\src</Filter>
    </ClCompile>
    <ClCompile Include="qemu\hw\cs4231a.c">
      <Filter>qemu\hw\src</Filter>
    </ClCompile>
    <ClCompile Include="qemu\hw\cuda.c">
      <Filter>qemu\hw\src</Filter>
    </ClCompile>
    <ClCompile Include="qemu\hw\device-hotplug.c">
      <Filter>qemu\hw\src</Filter>
    </ClCompile>
    <ClCompile Include="qemu\hw\dma.c">
      <Filter>qemu\hw\src</Filter>
    </ClCompile>
    <ClCompile Include="qemu\hw\ds1225y.c">
      <Filter>qemu\hw\src</Filter>
    </ClCompile>
    <ClCompile Include="qemu\hw\dummy_m68k.c">
      <Filter>qemu\hw\src</Filter>
    </ClCompile>
    <ClCompile Include="qemu\hw\e1000.c">
      <Filter>qemu\hw\src</Filter>
    </ClCompile>
    <ClCompile Include="qemu\hw\ecc.c">
      <Filter>qemu\hw\src</Filter>
    </ClCompile>
    <ClCompile Include="qemu\hw\eccmemctl.c">
      <Filter>qemu\hw\src</Filter>
    </ClCompile>
    <ClCompile Include="qemu\hw\eepro100.c">
      <Filter>qemu\hw\src</Filter>
    </ClCompile>
    <ClCompile Include="qemu\hw\eeprom93xx.c">
      <Filter>qemu\hw\src</Filter>
    </ClCompile>
    <ClCompile Include="qemu\hw\es1370.c">
      <Filter>qemu\hw\src</Filter>
    </ClCompile>
    <ClCompile Include="qemu\hw\escc.c">
      <Filter>qemu\hw\src</Filter>
    </ClCompile>
    <ClCompile Include="qemu\hw\esp.c">
      <Filter>qemu\hw\src</Filter>
    </ClCompile>
    <ClCompile Include="qemu\hw\etraxfs.c">
      <Filter>qemu\hw\src</Filter>
    </ClCompile>
    <ClCompile Include="qemu\hw\etraxfs_dma.c">
      <Filter>qemu\hw\src</Filter>
    </ClCompile>
    <ClCompile Include="qemu\hw\etraxfs_eth.c">
      <Filter>qemu\hw\src</Filter>
    </ClCompile>
    <ClCompile Include="qemu\hw\etraxfs_pic.c">
      <Filter>qemu\hw\src</Filter>
    </ClCompile>
    <ClCompile Include="qemu\hw\etraxfs_ser.c">
      <Filter>qemu\hw\src</Filter>
    </ClCompile>
    <ClCompile Include="qemu\hw\etraxfs_timer.c">
      <Filter>qemu\hw\src</Filter>
    </ClCompile>
    <ClCompile Include="qemu\hw\fdc.c">
      <Filter>qemu\hw\src</Filter>
    </ClCompile>
    <ClCompile Include="qemu\hw\fmopl.c">
      <Filter>qemu\hw\src</Filter>
    </ClCompile>
    <ClCompile Include="qemu\hw\fw_cfg.c">
      <Filter>qemu\hw\src</Filter>
    </ClCompile>
    <ClCompile Include="qemu\hw\g364fb.c">
      <Filter>qemu\hw\src</Filter>
    </ClCompile>
    <ClCompile Include="qemu\hw\grackle_pci.c">
      <Filter>qemu\hw\src</Filter>
    </ClCompile>
    <ClCompile Include="qemu\hw\gt64xxx.c">
      <Filter>qemu\hw\src</Filter>
    </ClCompile>
    <ClCompile Include="qemu\hw\gumstix.c">
      <Filter>qemu\hw\src</Filter>
    </ClCompile>
    <ClCompile Include="qemu\hw\gus.c">
      <Filter>qemu\hw\src</Filter>
    </ClCompile>
    <ClCompile Include="qemu\hw\gusemu_hal.c">
      <Filter>qemu\hw\src</Filter>
    </ClCompile>
    <ClCompile Include="qemu\hw\gusemu_mixer.c">
      <Filter>qemu\hw\src</Filter>
    </ClCompile>
    <ClCompile Include="qemu\hw\heathrow_pic.c">
      <Filter>qemu\hw\src</Filter>
    </ClCompile>
    <ClCompile Include="qemu\hw\hpet.c">
      <Filter>qemu\hw\src</Filter>
    </ClCompile>
    <ClCompile Include="qemu\hw\i2c.c">
      <Filter>qemu\hw\src</Filter>
    </ClCompile>
    <ClCompile Include="qemu\hw\i8254.c">
      <Filter>qemu\hw\src</Filter>
    </ClCompile>
    <ClCompile Include="qemu\hw\i8259.c">
      <Filter>qemu\hw\src</Filter>
    </ClCompile>
    <ClCompile Include="qemu\hw\integratorcp.c">
      <Filter>qemu\hw\src</Filter>
    </ClCompile>
    <ClCompile Include="qemu\hw\irq.c">
      <Filter>qemu\hw\src</Filter>
    </ClCompile>
    <ClCompile Include="qemu\hw\isa_mmio.c">
      <Filter>qemu\hw\src</Filter>
    </ClCompile>
    <ClCompile Include="qemu\hw\jazz_led.c">
      <Filter>qemu\hw\src</Filter>
    </ClCompile>
    <ClCompile Include="qemu\hw\lm832x.c">
      <Filter>qemu\hw\src</Filter>
    </ClCompile>
    <ClCompile Include="qemu\hw\lsi53c895a.c">
      <Filter>qemu\hw\src</Filter>
    </ClCompile>
    <ClCompile Include="qemu\hw\m48t59.c">
      <Filter>qemu\hw\src</Filter>
    </ClCompile>
    <ClCompile Include="qemu\hw\mac_dbdma.c">
      <Filter>qemu\hw\src</Filter>
    </ClCompile>
    <ClCompile Include="qemu\hw\mac_nvram.c">
      <Filter>qemu\hw\src</Filter>
    </ClCompile>
    <ClCompile Include="qemu\hw\macio.c">
      <Filter>qemu\hw\src</Filter>
    </ClCompile>
    <ClCompile Include="qemu\hw\mainstone.c">
      <Filter>qemu\hw\src</Filter>
    </ClCompile>
    <ClCompile Include="qemu\hw\max111x.c">
      <Filter>qemu\hw\src</Filter>
    </ClCompile>
    <ClCompile Include="qemu\hw\max7310.c">
      <Filter>qemu\hw\src</Filter>
    </ClCompile>
    <ClCompile Include="qemu\hw\mc146818rtc.c">
      <Filter>qemu\hw\src</Filter>
    </ClCompile>
    <ClCompile Include="qemu\hw\mcf5206.c">
      <Filter>qemu\hw\src</Filter>
    </ClCompile>
    <ClCompile Include="qemu\hw\mcf5208.c">
      <Filter>qemu\hw\src</Filter>
    </ClCompile>
    <ClCompile Include="qemu\hw\mcf_fec.c">
      <Filter>qemu\hw\src</Filter>
    </ClCompile>
    <ClCompile Include="qemu\hw\mcf_intc.c">
      <Filter>qemu\hw\src</Filter>
    </ClCompile>
    <ClCompile Include="qemu\hw\mcf_uart.c">
      <Filter>qemu\hw\src</Filter>
    </ClCompile>
    <ClCompile Include="qemu\hw\mips_int.c">
      <Filter>qemu\hw\src</Filter>
    </ClCompile>
    <ClCompile Include="qemu\hw\mips_jazz.c">
      <Filter>qemu\hw\src</Filter>
    </ClCompile>
    <ClCompile Include="qemu\hw\mips_malta.c">
      <Filter>qemu\hw\src</Filter>
    </ClCompile>
    <ClCompile Include="qemu\hw\mips_mipssim.c">
      <Filter>qemu\hw\src</Filter>
    </ClCompile>
    <ClCompile Include="qemu\hw\mips_r4k.c">
      <Filter>qemu\hw\src</Filter>
    </ClCompile>
    <ClCompile Include="qemu\hw\mips_timer.c">
      <Filter>qemu\hw\src</Filter>
    </ClCompile>
    <ClCompile Include="qemu\hw\mipsnet.c">
      <Filter>qemu\hw\src</Filter>
    </ClCompile>
    <ClCompile Include="qemu\hw\mpcore.c">
      <Filter>qemu\hw\src</Filter>
    </ClCompile>
    <ClCompile Include="qemu\hw\msmouse.c">
      <Filter>qemu\hw\src</Filter>
    </ClCompile>
    <ClCompile Include="qemu\hw\mst_fpga.c">
      <Filter>qemu\hw\src</Filter>
    </ClCompile>
    <ClCompile Include="qemu\hw\musicpal.c">
      <Filter>qemu\hw\src</Filter>
    </ClCompile>
    <ClCompile Include="qemu\hw\nand.c">
      <Filter>qemu\hw\src</Filter>
    </ClCompile>
    <ClCompile Include="qemu\hw\ne2000.c">
      <Filter>qemu\hw\src</Filter>
    </ClCompile>
    <ClCompile Include="qemu\hw\nseries.c">
      <Filter>qemu\hw\src</Filter>
    </ClCompile>
    <ClCompile Include="qemu\hw\omap1.c">
      <Filter>qemu\hw\src</Filter>
    </ClCompile>
    <ClCompile Include="qemu\hw\omap2.c">
      <Filter>qemu\hw\src</Filter>
    </ClCompile>
    <ClCompile Include="qemu\hw\omap_clk.c">
      <Filter>qemu\hw\src</Filter>
    </ClCompile>
    <ClCompile Include="qemu\hw\omap_dma.c">
      <Filter>qemu\hw\src</Filter>
    </ClCompile>
    <ClCompile Include="qemu\hw\omap_dss.c">
      <Filter>qemu\hw\src</Filter>
    </ClCompile>
    <ClCompile Include="qemu\hw\omap_i2c.c">
      <Filter>qemu\hw\src</Filter>
    </ClCompile>
    <ClCompile Include="qemu\hw\omap_lcdc.c">
      <Filter>qemu\hw\src</Filter>
    </ClCompile>
    <ClCompile Include="qemu\hw\omap_mmc.c">
      <Filter>qemu\hw\src</Filter>
    </ClCompile>
    <ClCompile Include="qemu\hw\omap_sx1.c">
      <Filter>qemu\hw\src</Filter>
    </ClCompile>
    <ClCompile Include="qemu\hw\onenand.c">
      <Filter>qemu\hw\src</Filter>
    </ClCompile>
    <ClCompile Include="qemu\hw\openpic.c">
      <Filter>qemu\hw\src</Filter>
    </ClCompile>
    <ClCompile Include="qemu\hw\palm.c">
      <Filter>qemu\hw\src</Filter>
    </ClCompile>
    <ClCompile Include="qemu\hw\parallel.c">
      <Filter>qemu\hw\src</Filter>
    </ClCompile>
    <ClCompile Include="qemu\hw\pc.c">
      <Filter>qemu\hw\src</Filter>
    </ClCompile>
    <ClCompile Include="qemu\hw\pci-hotplug.c">
      <Filter>qemu\hw\src</Filter>
    </ClCompile>
    <ClCompile Include="qemu\hw\pci.c">
      <Filter>qemu\hw\src</Filter>
    </ClCompile>
    <ClCompile Include="qemu\hw\pckbd.c">
      <Filter>qemu\hw\src</Filter>
    </ClCompile>
    <ClCompile Include="qemu\hw\pcnet.c">
      <Filter>qemu\hw\src</Filter>
    </ClCompile>
    <ClCompile Include="qemu\hw\pcspk.c">
      <Filter>qemu\hw\src</Filter>
    </ClCompile>
    <ClCompile Include="qemu\hw\pflash_cfi01.c">
      <Filter>qemu\hw\src</Filter>
    </ClCompile>
    <ClCompile Include="qemu\hw\pflash_cfi02.c">
      <Filter>qemu\hw\src</Filter>
    </ClCompile>
    <ClCompile Include="qemu\hw\piix_pci.c">
      <Filter>qemu\hw\src</Filter>
    </ClCompile>
    <ClCompile Include="qemu\hw\pl011.c">
      <Filter>qemu\hw\src</Filter>
    </ClCompile>
    <ClCompile Include="qemu\hw\pl022.c">
      <Filter>qemu\hw\src</Filter>
    </ClCompile>
    <ClCompile Include="qemu\hw\pl031.c">
      <Filter>qemu\hw\src</Filter>
    </ClCompile>
    <ClCompile Include="qemu\hw\pl050.c">
      <Filter>qemu\hw\src</Filter>
    </ClCompile>
    <ClCompile Include="qemu\hw\pl061.c">
      <Filter>qemu\hw\src</Filter>
    </ClCompile>
    <ClCompile Include="qemu\hw\pl080.c">
      <Filter>qemu\hw\src</Filter>
    </ClCompile>
    <ClCompile Include="qemu\hw\pl110.c">
      <Filter>qemu\hw\src</Filter>
    </ClCompile>
    <ClCompile Include="qemu\hw\pl181.c">
      <Filter>qemu\hw\src</Filter>
    </ClCompile>
    <ClCompile Include="qemu\hw\pl190.c">
      <Filter>qemu\hw\src</Filter>
    </ClCompile>
    <ClCompile Include="qemu\hw\ppc.c">
      <Filter>qemu\hw\src</Filter>
    </ClCompile>
    <ClCompile Include="qemu\hw\ppc405_boards.c">
      <Filter>qemu\hw\src</Filter>
    </ClCompile>
    <ClCompile Include="qemu\hw\ppc405_uc.c">
      <Filter>qemu\hw\src</Filter>
    </ClCompile>
    <ClCompile Include="qemu\hw\ppc440.c">
      <Filter>qemu\hw\src</Filter>
    </ClCompile>
    <ClCompile Include="qemu\hw\ppc440_bamboo.c">
      <Filter>qemu\hw\src</Filter>
    </ClCompile>
    <ClCompile Include="qemu\hw\ppc4xx_devs.c">
      <Filter>qemu\hw\src</Filter>
    </ClCompile>
    <ClCompile Include="qemu\hw\ppc4xx_pci.c">
      <Filter>qemu\hw\src</Filter>
    </ClCompile>
    <ClCompile Include="qemu\hw\ppc_newworld.c">
      <Filter>qemu\hw\src</Filter>
    </ClCompile>
    <ClCompile Include="qemu\hw\ppc_oldworld.c">
      <Filter>qemu\hw\src</Filter>
    </ClCompile>
    <ClCompile Include="qemu\hw\ppc_prep.c">
      <Filter>qemu\hw\src</Filter>
    </ClCompile>
    <ClCompile Include="qemu\hw\ppce500_mpc8544ds.c">
      <Filter>qemu\hw\src</Filter>
    </ClCompile>
    <ClCompile Include="qemu\hw\ppce500_pci.c">
      <Filter>qemu\hw\src</Filter>
    </ClCompile>
    <ClCompile Include="qemu\hw\prep_pci.c">
      <Filter>qemu\hw\src</Filter>
    </ClCompile>
    <ClCompile Include="qemu\hw\ps2.c">
      <Filter>qemu\hw\src</Filter>
    </ClCompile>
    <ClCompile Include="qemu\hw\ptimer.c">
      <Filter>qemu\hw\src</Filter>
    </ClCompile>
    <ClCompile Include="qemu\hw\pxa2xx.c">
      <Filter>qemu\hw\src</Filter>
    </ClCompile>
    <ClCompile Include="qemu\hw\pxa2xx_dma.c">
      <Filter>qemu\hw\src</Filter>
    </ClCompile>
    <ClCompile Include="qemu\hw\pxa2xx_gpio.c">
      <Filter>qemu\hw\src</Filter>
    </ClCompile>
    <ClCompile Include="qemu\hw\pxa2xx_keypad.c">
      <Filter>qemu\hw\src</Filter>
    </ClCompile>
    <ClCompile Include="qemu\hw\pxa2xx_lcd.c">
      <Filter>qemu\hw\src</Filter>
    </ClCompile>
    <ClCompile Include="qemu\hw\pxa2xx_mmci.c">
      <Filter>qemu\hw\src</Filter>
    </ClCompile>
    <ClCompile Include="qemu\hw\pxa2xx_pcmcia.c">
      <Filter>qemu\hw\src</Filter>
    </ClCompile>
    <ClCompile Include="qemu\hw\pxa2xx_pic.c">
      <Filter>qemu\hw\src</Filter>
    </ClCompile>
    <ClCompile Include="qemu\hw\pxa2xx_timer.c">
      <Filter>qemu\hw\src</Filter>
    </ClCompile>
    <ClCompile Include="qemu\hw\r2d.c">
      <Filter>qemu\hw\src</Filter>
    </ClCompile>
    <ClCompile Include="qemu\hw\rc4030.c">
      <Filter>qemu\hw\src</Filter>
    </ClCompile>
    <ClCompile Include="qemu\hw\realview.c">
      <Filter>qemu\hw\src</Filter>
    </ClCompile>
    <ClCompile Include="qemu\hw\realview_gic.c">
      <Filter>qemu\hw\src</Filter>
    </ClCompile>
    <ClCompile Include="qemu\hw\rtl8139.c">
      <Filter>qemu\hw\src</Filter>
    </ClCompile>
    <ClCompile Include="qemu\hw\sb16.c">
      <Filter>qemu\hw\src</Filter>
    </ClCompile>
    <ClCompile Include="qemu\hw\sbi.c">
      <Filter>qemu\hw\src</Filter>
    </ClCompile>
    <ClCompile Include="qemu\hw\scsi-disk.c">
      <Filter>qemu\hw\src</Filter>
    </ClCompile>
    <ClCompile Include="qemu\hw\scsi-generic.c">
      <Filter>qemu\hw\src</Filter>
    </ClCompile>
    <ClCompile Include="qemu\hw\sd.c">
      <Filter>qemu\hw\src</Filter>
    </ClCompile>
    <ClCompile Include="qemu\hw\serial.c">
      <Filter>qemu\hw\src</Filter>
    </ClCompile>
    <ClCompile Include="qemu\hw\sh7750.c">
      <Filter>qemu\hw\src</Filter>
    </ClCompile>
    <ClCompile Include="qemu\hw\sh7750_regnames.c">
      <Filter>qemu\hw\src</Filter>
    </ClCompile>
    <ClCompile Include="qemu\hw\sh_intc.c">
      <Filter>qemu\hw\src</Filter>
    </ClCompile>
    <ClCompile Include="qemu\hw\sh_pci.c">
      <Filter>qemu\hw\src</Filter>
    </ClCompile>
    <ClCompile Include="qemu\hw\sh_serial.c">
      <Filter>qemu\hw\src</Filter>
    </ClCompile>
    <ClCompile Include="qemu\hw\sh_timer.c">
      <Filter>qemu\hw\src</Filter>
    </ClCompile>
    <ClCompile Include="qemu\hw\shix.c">
      <Filter>qemu\hw\src</Filter>
    </ClCompile>
    <ClCompile Include="qemu\hw\slavio_intctl.c">
      <Filter>qemu\hw\src</Filter>
    </ClCompile>
    <ClCompile Include="qemu\hw\slavio_misc.c">
      <Filter>qemu\hw\src</Filter>
    </ClCompile>
    <ClCompile Include="qemu\hw\slavio_timer.c">
      <Filter>qemu\hw\src</Filter>
    </ClCompile>
    <ClCompile Include="qemu\hw\sm501.c">
      <Filter>qemu\hw\src</Filter>
    </ClCompile>
    <ClCompile Include="qemu\hw\smbus.c">
      <Filter>qemu\hw\src</Filter>
    </ClCompile>
    <ClCompile Include="qemu\hw\smbus_eeprom.c">
      <Filter>qemu\hw\src</Filter>
    </ClCompile>
    <ClCompile Include="qemu\hw\smc91c111.c">
      <Filter>qemu\hw\src</Filter>
    </ClCompile>
    <ClCompile Include="qemu\hw\soc_dma.c">
      <Filter>qemu\hw\src</Filter>
    </ClCompile>
    <ClCompile Include="qemu\hw\sparc32_dma.c">
      <Filter>qemu\hw\src</Filter>
    </ClCompile>
    <ClCompile Include="qemu\hw\spitz.c">
      <Filter>qemu\hw\src</Filter>
    </ClCompile>
    <ClCompile Include="qemu\hw\ssd0303.c">
      <Filter>qemu\hw\src</Filter>
    </ClCompile>
    <ClCompile Include="qemu\hw\ssd0323.c">
      <Filter>qemu\hw\src</Filter>
    </ClCompile>
    <ClCompile Include="qemu\hw\ssi-sd.c">
      <Filter>qemu\hw\src</Filter>
    </ClCompile>
    <ClCompile Include="qemu\hw\stellaris.c">
      <Filter>qemu\hw\src</Filter>
    </ClCompile>
    <ClCompile Include="qemu\hw\stellaris_enet.c">
      <Filter>qemu\hw\src</Filter>
    </ClCompile>
    <ClCompile Include="qemu\hw\stellaris_input.c">
      <Filter>qemu\hw\src</Filter>
    </ClCompile>
    <ClCompile Include="qemu\hw\sun4c_intctl.c">
      <Filter>qemu\hw\src</Filter>
    </ClCompile>
    <ClCompile Include="qemu\hw\sun4m.c">
      <Filter>qemu\hw\src</Filter>
    </ClCompile>
    <ClCompile Include="qemu\hw\sun4u.c">
      <Filter>qemu\hw\src</Filter>
    </ClCompile>
    <ClCompile Include="qemu\hw\tc58128.c">
      <Filter>qemu\hw\src</Filter>
    </ClCompile>
    <ClCompile Include="qemu\hw\tc6393xb.c">
      <Filter>qemu\hw\src</Filter>
    </ClCompile>
    <ClCompile Include="qemu\hw\tcx.c">
      <Filter>qemu\hw\src</Filter>
    </ClCompile>
    <ClCompile Include="qemu\hw\tmp105.c">
      <Filter>qemu\hw\src</Filter>
    </ClCompile>
    <ClCompile Include="qemu\hw\tosa.c">
      <Filter>qemu\hw\src</Filter>
    </ClCompile>
    <ClCompile Include="qemu\hw\tsc2005.c">
      <Filter>qemu\hw\src</Filter>
    </ClCompile>
    <ClCompile Include="qemu\hw\tsc210x.c">
      <Filter>qemu\hw\src</Filter>
    </ClCompile>
    <ClCompile Include="qemu\hw\tusb6010.c">
      <Filter>qemu\hw\src</Filter>
    </ClCompile>
    <ClCompile Include="qemu\hw\twl92230.c">
      <Filter>qemu\hw\src</Filter>
    </ClCompile>
    <ClCompile Include="qemu\hw\unin_pci.c">
      <Filter>qemu\hw\src</Filter>
    </ClCompile>
    <ClCompile Include="qemu\hw\usb-bt.c">
      <Filter>qemu\hw\src</Filter>
    </ClCompile>
    <ClCompile Include="qemu\hw\usb-hid.c">
      <Filter>qemu\hw\src</Filter>
    </ClCompile>
    <ClCompile Include="qemu\hw\usb-hub.c">
      <Filter>qemu\hw\src</Filter>
    </ClCompile>
    <ClCompile Include="qemu\hw\usb-msd.c">
      <Filter>qemu\hw\src</Filter>
    </ClCompile>
    <ClCompile Include="qemu\hw\usb-musb.c">
      <Filter>qemu\hw\src</Filter>
    </ClCompile>
    <ClCompile Include="qemu\hw\usb-net.c">
      <Filter>qemu\hw\src</Filter>
    </ClCompile>
    <ClCompile Include="qemu\hw\usb-ohci.c">
      <Filter>qemu\hw\src</Filter>
    </ClCompile>
    <ClCompile Include="qemu\hw\usb-serial.c">
      <Filter>qemu\hw\src</Filter>
    </ClCompile>
    <ClCompile Include="qemu\hw\usb-uhci.c">
      <Filter>qemu\hw\src</Filter>
    </ClCompile>
    <ClCompile Include="qemu\hw\usb-wacom.c">
      <Filter>qemu\hw\src</Filter>
    </ClCompile>
    <ClCompile Include="qemu\hw\usb.c">
      <Filter>qemu\hw\src</Filter>
    </ClCompile>
    <ClCompile Include="qemu\hw\versatile_pci.c">
      <Filter>qemu\hw\src</Filter>
    </ClCompile>
    <ClCompile Include="qemu\hw\versatilepb.c">
      <Filter>qemu\hw\src</Filter>
    </ClCompile>
    <ClCompile Include="qemu\hw\vga.c">
      <Filter>qemu\hw\src</Filter>
    </ClCompile>
    <ClCompile Include="qemu\hw\virtio-balloon.c">
      <Filter>qemu\hw\src</Filter>
    </ClCompile>
    <ClCompile Include="qemu\hw\virtio-blk.c">
      <Filter>qemu\hw\src</Filter>
    </ClCompile>
    <ClCompile Include="qemu\hw\virtio-console.c">
      <Filter>qemu\hw\src</Filter>
    </ClCompile>
    <ClCompile Include="qemu\hw\virtio-net.c">
      <Filter>qemu\hw\src</Filter>
    </ClCompile>
    <ClCompile Include="qemu\hw\virtio.c">
      <Filter>qemu\hw\src</Filter>
    </ClCompile>
    <ClCompile Include="qemu\hw\vmmouse.c">
      <Filter>qemu\hw\src</Filter>
    </ClCompile>
    <ClCompile Include="qemu\hw\vmport.c">
      <Filter>qemu\hw\src</Filter>
    </ClCompile>
    <ClCompile Include="qemu\hw\vmware_vga.c">
      <Filter>qemu\hw\src</Filter>
    </ClCompile>
    <ClCompile Include="qemu\hw\wm8750.c">
      <Filter>qemu\hw\src</Filter>
    </ClCompile>
    <ClCompile Include="qemu\hw\zaurus.c">
      <Filter>qemu\hw\src</Filter>
    </ClCompile>
    <ClCompile Include="qemu\tcg\tcg.c">
      <Filter>qemu\tcg</Filter>
    </ClCompile>
    <ClCompile Include="qemu\tcg\i386\tcg-target.c">
      <Filter>qemu\tcg\i386</Filter>
    </ClCompile>
    <ClCompile Include="qemu\slirp\bootp.c">
      <Filter>qemu\slirp</Filter>
    </ClCompile>
    <ClCompile Include="qemu\slirp\cksum.c">
      <Filter>qemu\slirp</Filter>
    </ClCompile>
    <ClCompile Include="qemu\slirp\if.c">
      <Filter>qemu\slirp</Filter>
    </ClCompile>
    <ClCompile Include="qemu\slirp\ip_icmp.c">
      <Filter>qemu\slirp</Filter>
    </ClCompile>
    <ClCompile Include="qemu\slirp\ip_input.c">
      <Filter>qemu\slirp</Filter>
    </ClCompile>
    <ClCompile Include="qemu\slirp\ip_output.c">
      <Filter>qemu\slirp</Filter>
    </ClCompile>
    <ClCompile Include="qemu\slirp\mbuf.c">
      <Filter>qemu\slirp</Filter>
    </ClCompile>
    <ClCompile Include="qemu\slirp\misc.c">
      <Filter>qemu\slirp</Filter>
    </ClCompile>
    <ClCompile Include="qemu\slirp\sbuf.c">
      <Filter>qemu\slirp</Filter>
    </ClCompile>
    <ClCompile Include="qemu\slirp\slirp.c">
      <Filter>qemu\slirp</Filter>
    </ClCompile>
    <ClCompile Include="qemu\slirp\socket.c">
      <Filter>qemu\slirp</Filter>
    </ClCompile>
    <ClCompile Include="qemu\slirp\tcp_input.c">
      <Filter>qemu\slirp</Filter>
    </ClCompile>
    <ClCompile Include="qemu\slirp\tcp_output.c">
      <Filter>qemu\slirp</Filter>
    </ClCompile>
    <ClCompile Include="qemu\slirp\tcp_subr.c">
      <Filter>qemu\slirp</Filter>
    </ClCompile>
    <ClCompile Include="qemu\slirp\tcp_timer.c">
      <Filter>qemu\slirp</Filter>
    </ClCompile>
    <ClCompile Include="qemu\slirp\tftp.c">
      <Filter>qemu\slirp</Filter>
    </ClCompile>
    <ClCompile Include="qemu\slirp\udp.c">
      <Filter>qemu\slirp</Filter>
    </ClCompile>
    <ClCompile Include="qemu\target-i386\helper.c">
      <Filter>qemu\target-i386</Filter>
    </ClCompile>
    <ClCompile Include="qemu\target-i386\kvm.c">
      <Filter>qemu\target-i386</Filter>
    </ClCompile>
    <ClCompile Include="qemu\target-i386\machine.c">
      <Filter>qemu\target-i386</Filter>
    </ClCompile>
    <ClCompile Include="qemu\target-i386\op_helper.c">
      <Filter>qemu\target-i386</Filter>
    </ClCompile>
    <ClCompile Include="qemu\target-i386\translate.c">
      <Filter>qemu\target-i386</Filter>
    </ClCompile>
    <ClCompile Include="qemu\target-alpha\helper.c">
      <Filter>qemu\target-alpha</Filter>
    </ClCompile>
    <ClCompile Include="qemu\target-alpha\op_helper.c">
      <Filter>qemu\target-alpha</Filter>
    </ClCompile>
    <ClCompile Include="qemu\target-alpha\translate.c">
      <Filter>qemu\target-alpha</Filter>
    </ClCompile>
    <ClCompile Include="qemu\acl.c">
      <Filter>qemu\src</Filter>
    </ClCompile>
    <ClCompile Include="qemu\hw\framebuffer.c">
      <Filter>qemu\hw\src</Filter>
    </ClCompile>
    <ClCompile Include="qemu\hw\smbios.c">
      <Filter>qemu\hw\src</Filter>
    </ClCompile>
    <ClCompile Include="qemu\qemu-thread.c">
      <Filter>qemu\src</Filter>
    </ClCompile>
    <ClCompile Include="qemu\hw\watchdog.c">
      <Filter>qemu\hw\src</Filter>
    </ClCompile>
    <ClCompile Include="qemu\hw\wdt_i6300esb.c">
      <Filter>qemu\hw\src</Filter>
    </ClCompile>
    <ClCompile Include="qemu\hw\wdt_ib700.c">
      <Filter>qemu\hw\src</Filter>
    </ClCompile>
    <ClCompile Include="qemu\gdbstub.c">
      <Filter>qemu\src</Filter>
    </ClCompile>
    <ClCompile Include="qemu\module.c">
      <Filter>qemu\src</Filter>
    </ClCompile>
    <ClCompile Include="qemu\block\bochs.c">
      <Filter>qemu\block\src</Filter>
    </ClCompile>
    <ClCompile Include="qemu\block\cloop.c">
      <Filter>qemu\block\src</Filter>
    </ClCompile>
    <ClCompile Include="qemu\block\cow.c">
      <Filter>qemu\block\src</Filter>
    </ClCompile>
    <ClCompile Include="qemu\block\dmg.c">
      <Filter>qemu\block\src</Filter>
    </ClCompile>
    <ClCompile Include="qemu\block\nbd.c">
      <Filter>qemu\block\src</Filter>
    </ClCompile>
    <ClCompile Include="qemu\block\parallels.c">
      <Filter>qemu\block\src</Filter>
    </ClCompile>
    <ClCompile Include="qemu\block\qcow.c">
      <Filter>qemu\block\src</Filter>
    </ClCompile>
    <ClCompile Include="qemu\block\qcow2.c">
      <Filter>qemu\block\src</Filter>
    </ClCompile>
    <ClCompile Include="qemu\block\raw-posix.c">
      <Filter>qemu\block\src</Filter>
    </ClCompile>
    <ClCompile Include="qemu\block\raw-win32.c">
      <Filter>qemu\block\src</Filter>
    </ClCompile>
    <ClCompile Include="qemu\block\vmdk.c">
      <Filter>qemu\block\src</Filter>
    </ClCompile>
    <ClCompile Include="qemu\block\vpc.c">
      <Filter>qemu\block\src</Filter>
    </ClCompile>
    <ClCompile Include="qemu\block\vvfat.c">
      <Filter>qemu\block\src</Filter>
    </ClCompile>
    <ClCompile Include="qemu\hw\sysbus.c">
      <Filter>qemu\src</Filter>
    </ClCompile>
    <ClCompile Include="qemu\hw\ssi.c">
      <Filter>qemu\hw\src</Filter>
    </ClCompile>
    <ClCompile Include="qemu\hw\virtio-pci.c">
      <Filter>qemu\hw\src</Filter>
    </ClCompile>
    <ClCompile Include="qemu\qemu-option.c">
      <Filter>qemu\src</Filter>
    </ClCompile>
    <ClCompile Include="qemu\block\curl.c">
      <Filter>qemu\block\src</Filter>
    </ClCompile>
    <ClCompile Include="qemu\hw\ioapic.c">
      <Filter>qemu\hw\src</Filter>
    </ClCompile>
    <ClCompile Include="qemu\microblaze-dis.c">
      <Filter>qemu\src</Filter>
    </ClCompile>
    <ClCompile Include="qemu\hw\microblaze_pic_cpu.c">
      <Filter>qemu\hw\src</Filter>
    </ClCompile>
    <ClCompile Include="outside_qemu_tree_custom\XGetopt.c">
      <Filter>Source Files</Filter>
    </ClCompile>
    <ClCompile Include="outside_qemu_tree_custom\clock_gettime.c">
      <Filter>qemu\src</Filter>
    </ClCompile>
    <ClCompile Include="qemu\block\qcow2-refcount.c">
      <Filter>qemu\block\src</Filter>
    </ClCompile>
    <ClCompile Include="qemu\block\qcow2-cluster.c">
      <Filter>qemu\block\src</Filter>
    </ClCompile>
    <ClCompile Include="qemu\block\qcow2-snapshot.c">
      <Filter>qemu\block\src</Filter>
    </ClCompile>
    <ClCompile Include="qemu\hw\msix.c">
      <Filter>qemu\hw\src</Filter>
    </ClCompile>
    <ClCompile Include="qemu\ioport.c">
      <Filter>qemu\src</Filter>
    </ClCompile>
    <ClCompile Include="qemu\ioport-user.c">
      <Filter>qemu\src</Filter>
    </ClCompile>
    <ClCompile Include="qemu\hw\qdev-addr.c">
      <Filter>qemu\hw\src</Filter>
    </ClCompile>
    <ClCompile Include="qemu\hw\qdev-properties.c">
      <Filter>qemu\hw\src</Filter>
    </ClCompile>
    <ClCompile Include="qemu\hw\qdev.c">
      <Filter>qemu\hw\src</Filter>
    </ClCompile>
    <ClCompile Include="qemu\qemu-config.c">
      <Filter>qemu\src</Filter>
    </ClCompile>
    <ClCompile Include="qemu\hw\isa-bus.c">
      <Filter>qemu\hw\src</Filter>
    </ClCompile>
    <ClCompile Include="qemu\block\vdi.c">
      <Filter>qemu\block\src</Filter>
    </ClCompile>
    <ClCompile Include="qemu\hw\bitbang_i2c.c">
      <Filter>qemu\hw\src</Filter>
    </ClCompile>
    <ClCompile Include="qemu\hw\marvell_88w8618_audio.c">
      <Filter>qemu\hw\src</Filter>
    </ClCompile>
    <ClCompile Include="qemu\qint.c">
      <Filter>qemu\src</Filter>
    </ClCompile>
    <ClCompile Include="qemu\qstring.c">
      <Filter>qemu\src</Filter>
    </ClCompile>
    <ClCompile Include="qemu\qdict.c">
      <Filter>qemu\src</Filter>
    </ClCompile>
    <ClCompile Include="qemu\hw\scsi-bus.c">
      <Filter>qemu\hw\src</Filter>
    </ClCompile>
    <ClCompile Include="qemu\hw\ide\core.c">
      <Filter>qemu\hw\IDE</Filter>
    </ClCompile>
    <ClCompile Include="qemu\hw\ide\isa.c">
      <Filter>qemu\hw\IDE</Filter>
    </ClCompile>
    <ClCompile Include="qemu\hw\ide\macio.c">
      <Filter>qemu\hw\IDE</Filter>
    </ClCompile>
    <ClCompile Include="qemu\hw\ide\microdrive.c">
      <Filter>qemu\hw\IDE</Filter>
    </ClCompile>
    <ClCompile Include="qemu\hw\ide\mmio.c">
      <Filter>qemu\hw\IDE</Filter>
    </ClCompile>
    <ClCompile Include="qemu\hw\ide\pci.c">
      <Filter>qemu\hw\IDE</Filter>
    </ClCompile>
    <ClCompile Include="qemu\qemu-io.c">
      <Filter>qemu\src</Filter>
    </ClCompile>
    <ClCompile Include="qemu\hw\ne2000-isa.c">
      <Filter>qemu\hw\src</Filter>
    </ClCompile>
    <ClCompile Include="qemu\hw\usb-bus.c">
      <Filter>qemu\hw\src</Filter>
    </ClCompile>
    <ClCompile Include="qemu\hw\vga-pci.c">
      <Filter>qemu\hw\src</Filter>
    </ClCompile>
    <ClCompile Include="qemu\hw\piix4.c">
      <Filter>qemu\hw\src</Filter>
    </ClCompile>
    <ClCompile Include="qemu\hw\vga-isa.c">
      <Filter>qemu\hw\src</Filter>
    </ClCompile>
    <ClCompile Include="qemu\hw\vga-isa-mm.c">
      <Filter>qemu\hw\src</Filter>
    </ClCompile>
    <ClCompile Include="qemu\hw\ide\qdev.c">
      <Filter>qemu\hw\IDE</Filter>
    </ClCompile>
    <ClCompile Include="qemu\hw\loader.c">
      <Filter>qemu\hw\src</Filter>
    </ClCompile>
    <ClCompile Include="qemu\tcg-runtime.c">
      <Filter>qemu\src</Filter>
    </ClCompile>
    <ClCompile Include="qemu\check-qdict.c">
      <Filter>qemu\src</Filter>
    </ClCompile>
    <ClCompile Include="qemu\check-qint.c">
      <Filter>qemu\src</Filter>
    </ClCompile>
    <ClCompile Include="qemu\check-qstring.c">
      <Filter>qemu\src</Filter>
    </ClCompile>
    <ClCompile Include="gettimeofday.c">
      <Filter>Source Files</Filter>
    </ClCompile>
    <ClCompile Include="qemu\qlist.c">
      <Filter>qemu\src</Filter>
    </ClCompile>
    <ClCompile Include="qemu\audio\audio_win_int.c">
      <Filter>qemu\audio</Filter>
    </ClCompile>
    <ClCompile Include="qemu\audio\winwaveaudio.c">
      <Filter>qemu\audio</Filter>
    </ClCompile>
    <ClCompile Include="qemu\hw\ide\cmd646.c">
      <Filter>qemu\hw\IDE</Filter>
    </ClCompile>
    <ClCompile Include="qemu\hw\ide\piix.c">
      <Filter>qemu\hw\IDE</Filter>
    </ClCompile>
    <ClCompile Include="qemu\hw\lance.c">
      <Filter>qemu\hw\src</Filter>
    </ClCompile>
    <ClCompile Include="qemu\async.c">
      <Filter>qemu\src</Filter>
    </ClCompile>
    <ClCompile Include="qemu\net\queue.c">
      <Filter>qemu\net\src</Filter>
    </ClCompile>
    <ClCompile Include="qemu\net\checksum.c">
      <Filter>qemu\net\src</Filter>
    </ClCompile>
    <ClCompile Include="qemu\net\tap.c">
      <Filter>qemu\net\src</Filter>
    </ClCompile>
    <ClCompile Include="qemu\net\tap-aix.c">
      <Filter>qemu\net\src</Filter>
    </ClCompile>
    <ClCompile Include="qemu\net\tap-bsd.c">
      <Filter>qemu\net\src</Filter>
    </ClCompile>
    <ClCompile Include="qemu\net\tap-linux.c">
      <Filter>qemu\net\src</Filter>
    </ClCompile>
    <ClCompile Include="qemu\net\tap-solaris.c">
      <Filter>qemu\net\src</Filter>
    </ClCompile>
    <ClCompile Include="qemu\net\tap-win32.c">
      <Filter>qemu\net\src</Filter>
    </ClCompile>
    <ClCompile Include="qemu\hw\pcie_host.c">
      <Filter>qemu\hw\src</Filter>
    </ClCompile>
    <ClCompile Include="qemu\hw\pci_host.c">
      <Filter>qemu\hw\src</Filter>
    </ClCompile>
    <ClCompile Include="qemu\hw\lan9118.c">
      <Filter>qemu\hw\src</Filter>
    </ClCompile>
    <ClCompile Include="qemu\block-migration.c">
      <Filter>qemu\src</Filter>
    </ClCompile>
    <ClCompile Include="qemu\qfloat.c">
      <Filter>qemu\src</Filter>
    </ClCompile>
    <ClCompile Include="qemu\qbool.c">
      <Filter>qemu\src</Filter>
    </ClCompile>
    <ClCompile Include="qemu\json-lexer.c">
      <Filter>qemu\src</Filter>
    </ClCompile>
    <ClCompile Include="qemu\json-parser.c">
      <Filter>qemu\src</Filter>
    </ClCompile>
    <ClCompile Include="qemu\json-streamer.c">
      <Filter>qemu\src</Filter>
    </ClCompile>
    <ClCompile Include="qemu\qjson.c">
      <Filter>qemu\src</Filter>
    </ClCompile>
    <ClCompile Include="qemu\hw\a9mpcore.c">
      <Filter>qemu\hw\src</Filter>
    </ClCompile>
    <ClCompile Include="qemu\hw\arm11mpcore.c">
      <Filter>qemu\hw\src</Filter>
    </ClCompile>
    <ClCompile Include="qemu\hw\ds1338.c">
      <Filter>qemu\hw\src</Filter>
    </ClCompile>
    <ClCompile Include="qemu\qerror.c">
      <Filter>qemu\src</Filter>
    </ClCompile>
    <ClCompile Include="qemu\net\dump.c">
      <Filter>qemu\net\src</Filter>
    </ClCompile>
    <ClCompile Include="qemu\net\slirp.c">
      <Filter>qemu\net\src</Filter>
    </ClCompile>
    <ClCompile Include="qemu\net\socket.c">
      <Filter>qemu\net\src</Filter>
    </ClCompile>
    <ClCompile Include="qemu\net\util.c">
      <Filter>qemu\net\src</Filter>
    </ClCompile>
    <ClCompile Include="qemu\net\vde.c">
      <Filter>qemu\net\src</Filter>
    </ClCompile>
    <ClCompile Include="qemu\block\raw.c">
      <Filter>qemu\block\src</Filter>
    </ClCompile>
    <ClCompile Include="qemu\qemu-error.c">
      <Filter>qemu\src</Filter>
    </ClCompile>
    <ClCompile Include="qemu\arch_init.c">
      <Filter>qemu\src</Filter>
    </ClCompile>
    <ClCompile Include="qemu\balloon.c">
      <Filter>qemu\src</Filter>
    </ClCompile>
    <ClCompile Include="qemu\cpus.c">
      <Filter>qemu\src</Filter>
    </ClCompile>
    <ClCompile Include="qemu\target-i386\cpuid.c">
      <Filter>qemu\target-i386</Filter>
    </ClCompile>
    <ClCompile Include="qemu\block\blkdebug.c">
      <Filter>qemu\block\src</Filter>
    </ClCompile>
    <ClCompile Include="qemu\check-qfloat.c">
      <Filter>qemu\src</Filter>
    </ClCompile>
    <ClCompile Include="qemu\check-qjson.c">
      <Filter>qemu\src</Filter>
    </ClCompile>
    <ClCompile Include="qemu\check-qlist.c">
      <Filter>qemu\src</Filter>
    </ClCompile>
    <ClCompile Include="qemu\cmd.c">
      <Filter>qemu\src</Filter>
    </ClCompile>
    <ClCompile Include="qemu\fsdev\qemu-fsdev.c">
      <Filter>qemu\fsdev</Filter>
    </ClCompile>
    <ClCompile Include="qemu\hw\multiboot.c">
      <Filter>qemu\hw\src</Filter>
    </ClCompile>
    <ClCompile Include="qemu\hw\vhost.c">
      <Filter>qemu\hw\src</Filter>
    </ClCompile>
    <ClCompile Include="qemu\hw\vhost_net.c">
      <Filter>qemu\hw\src</Filter>
    </ClCompile>
    <ClCompile Include="qemu\kvm-stub.c">
      <Filter>qemu\src</Filter>
    </ClCompile>
    <ClCompile Include="qemu\hw\sun4m_iommu.c">
      <Filter>qemu\hw\src</Filter>
    </ClCompile>
    <ClCompile Include="qemu\qemu-timer.c">
      <Filter>qemu\src</Filter>
    </ClCompile>
    <ClCompile Include="qemu\input.c">
      <Filter>qemu\src</Filter>
    </ClCompile>
    <ClCompile Include="qemu\notify.c">
      <Filter>qemu\src</Filter>
    </ClCompile>
    <ClCompile Include="qemu\rwhandler.c">
      <Filter>qemu\src</Filter>
    </ClCompile>
    <ClCompile Include="qemu\hw\event_notifier.c">
      <Filter>qemu\hw\src</Filter>
    </ClCompile>
    <ClCompile Include="qemu\hw\virtio-serial-bus.c">
      <Filter>qemu\hw\src</Filter>
    </ClCompile>
    <ClCompile Include="qemu\iov.c">
      <Filter>qemu\src</Filter>
    </ClCompile>
    <ClCompile Include="qemu\hw\pm_smbus.c">
      <Filter>qemu\hw\src</Filter>
    </ClCompile>
    <ClCompile Include="qemu\hw\apm.c">
      <Filter>qemu\hw\src</Filter>
    </ClCompile>
    <ClCompile Include="qemu\hw\acpi_piix4.c">
      <Filter>qemu\hw\src</Filter>
    </ClCompile>
    <ClCompile Include="qemu\hw\pc_piix.c">
      <Filter>qemu\hw\src</Filter>
    </ClCompile>
    <ClCompile Include="qemu\cursor.c">
      <Filter>qemu\src</Filter>
    </ClCompile>
    <ClCompile Include="qemu\hw\cris-boot.c">
      <Filter>qemu\hw\src</Filter>
    </ClCompile>
    <ClCompile Include="qemu\os-win32.c">
      <Filter>qemu\src</Filter>
    </ClCompile>
    <ClCompile Include="qemu\os-posix.c">
      <Filter>qemu\src</Filter>
    </ClCompile>
    <ClCompile Include="qemu\blockdev.c">
      <Filter>qemu\src</Filter>
    </ClCompile>
    <ClCompile Include="qemu\hw\bonito.c">
      <Filter>qemu\hw\src</Filter>
    </ClCompile>
    <ClCompile Include="qemu\hw\vt82c686.c">
      <Filter>qemu\hw\src</Filter>
    </ClCompile>
    <ClCompile Include="qemu\hw\omap_gpio.c">
      <Filter>qemu\hw\src</Filter>
    </ClCompile>
    <ClCompile Include="qemu\hw\omap_gpmc.c">
      <Filter>qemu\hw\src</Filter>
    </ClCompile>
    <ClCompile Include="qemu\hw\omap_gptimer.c">
      <Filter>qemu\hw\src</Filter>
    </ClCompile>
    <ClCompile Include="qemu\hw\omap_intc.c">
      <Filter>qemu\hw\src</Filter>
    </ClCompile>
    <ClCompile Include="qemu\hw\omap_l4.c">
      <Filter>qemu\hw\src</Filter>
    </ClCompile>
    <ClCompile Include="qemu\hw\omap_sdrc.c">
      <Filter>qemu\hw\src</Filter>
    </ClCompile>
    <ClCompile Include="qemu\hw\omap_spi.c">
      <Filter>qemu\hw\src</Filter>
    </ClCompile>
    <ClCompile Include="qemu\hw\omap_synctimer.c">
      <Filter>qemu\hw\src</Filter>
    </ClCompile>
    <ClCompile Include="qemu\hw\omap_tap.c">
      <Filter>qemu\hw\src</Filter>
    </ClCompile>
    <ClCompile Include="qemu\hw\omap_uart.c">
      <Filter>qemu\hw\src</Filter>
    </ClCompile>
    <ClCompile Include="qemu\hw\mips_fulong2e.c">
      <Filter>qemu\hw\src</Filter>
    </ClCompile>
    <ClCompile Include="qemu\hw\ide\via.c">
      <Filter>qemu\hw\IDE</Filter>
    </ClCompile>
    <ClCompile Include="qemu\block\sheepdog.c">
      <Filter>qemu\block\src</Filter>
    </ClCompile>
    <ClCompile Include="qemu\hw\syborg.c">
      <Filter>qemu\hw\src</Filter>
    </ClCompile>
    <ClCompile Include="qemu\hw\syborg_fb.c">
      <Filter>qemu\hw\src</Filter>
    </ClCompile>
    <ClCompile Include="qemu\hw\syborg_interrupt.c">
      <Filter>qemu\hw\src</Filter>
    </ClCompile>
    <ClCompile Include="qemu\hw\syborg_keyboard.c">
      <Filter>qemu\hw\src</Filter>
    </ClCompile>
    <ClCompile Include="qemu\hw\syborg_pointer.c">
      <Filter>qemu\hw\src</Filter>
    </ClCompile>
    <ClCompile Include="qemu\hw\syborg_rtc.c">
      <Filter>qemu\hw\src</Filter>
    </ClCompile>
    <ClCompile Include="qemu\hw\syborg_serial.c">
      <Filter>qemu\hw\src</Filter>
    </ClCompile>
    <ClCompile Include="qemu\hw\syborg_timer.c">
      <Filter>qemu\hw\src</Filter>
    </ClCompile>
    <ClCompile Include="qemu\hw\syborg_virtio.c">
      <Filter>qemu\hw\src</Filter>
    </ClCompile>
    <ClCompile Include="qemu\hw\applesmc.c">
      <Filter>qemu\hw\src</Filter>
    </ClCompile>
    <ClCompile Include="qemu\ui\curses.c">
      <Filter>qemu\ui\src</Filter>
    </ClCompile>
    <ClCompile Include="qemu\ui\d3des.c">
      <Filter>qemu\ui\src</Filter>
    </ClCompile>
    <ClCompile Include="qemu\ui\keymaps.c">
      <Filter>qemu\ui\src</Filter>
    </ClCompile>
    <ClCompile Include="qemu\ui\sdl.c">
      <Filter>qemu\ui\src</Filter>
    </ClCompile>
    <ClCompile Include="qemu\ui\sdl_zoom.c">
      <Filter>qemu\ui\src</Filter>
    </ClCompile>
    <ClCompile Include="qemu\ui\vnc.c">
      <Filter>qemu\ui\src</Filter>
    </ClCompile>
    <ClCompile Include="qemu\ui\vnc-auth-sasl.c">
      <Filter>qemu\ui\src</Filter>
    </ClCompile>
    <ClCompile Include="qemu\ui\vnc-auth-vencrypt.c">
      <Filter>qemu\ui\src</Filter>
    </ClCompile>
    <ClCompile Include="qemu\ui\vnc-enc-hextile.c">
      <Filter>qemu\ui\src</Filter>
    </ClCompile>
    <ClCompile Include="qemu\ui\vnc-enc-tight.c">
      <Filter>qemu\ui\src</Filter>
    </ClCompile>
    <ClCompile Include="qemu\ui\vnc-enc-zlib.c">
      <Filter>qemu\ui\src</Filter>
    </ClCompile>
    <ClCompile Include="qemu\ui\vnc-tls.c">
      <Filter>qemu\ui\src</Filter>
    </ClCompile>
    <ClCompile Include="qemu\ui\x_keymap.c">
      <Filter>qemu\ui\src</Filter>
    </ClCompile>
    <ClCompile Include="qemu\ui\vnc-jobs-async.c">
      <Filter>qemu\ui\src</Filter>
    </ClCompile>
    <ClCompile Include="qemu\ui\vnc-jobs-sync.c">
      <Filter>qemu\ui\src</Filter>
    </ClCompile>
    <ClCompile Include="qemu\ui\vnc-palette.c">
      <Filter>qemu\ui\src</Filter>
    </ClCompile>
    <ClCompile Include="qemu\hw\ivshmem.c">
      <Filter>qemu\hw\src</Filter>
    </ClCompile>
    <ClCompile Include="qemu\simpletrace.c">
      <Filter>qemu\src</Filter>
    </ClCompile>
    <ClCompile Include="qemu\trace.c">
      <Filter>qemu\src</Filter>
    </ClCompile>
    <ClCompile Include="qemu\hw\virtex_ml507.c">
      <Filter>qemu\hw\src</Filter>
    </ClCompile>
    <ClCompile Include="qemu\block\blkverify.c">
      <Filter>qemu\block\src</Filter>
    </ClCompile>
    <ClCompile Include="qemu\net\tap-haiku.c">
      <Filter>qemu\net\src</Filter>
    </ClCompile>
    <ClCompile Include="qemu\pflib.c">
      <Filter>qemu\src</Filter>
    </ClCompile>
    <ClCompile Include="qemu\ui\spice-core.c">
      <Filter>qemu\ui\src</Filter>
    </ClCompile>
    <ClCompile Include="qemu\ui\spice-display.c">
      <Filter>qemu\ui\src</Filter>
    </ClCompile>
    <ClCompile Include="qemu\ui\spice-input.c">
      <Filter>qemu\ui\src</Filter>
    </ClCompile>
    <ClCompile Include="qemu\compatfd.c">
      <Filter>qemu\src</Filter>
    </ClCompile>
    <ClCompile Include="qemu\qemu-timer-common.c">
      <Filter>qemu\src</Filter>
    </ClCompile>
    <ClCompile Include="qemu\oslib-posix.c">
      <Filter>qemu\src</Filter>
    </ClCompile>
    <ClCompile Include="qemu\oslib-win32.c">
      <Filter>qemu\src</Filter>
    </ClCompile>
    <ClCompile Include="qemu\audio\spiceaudio.c">
      <Filter>qemu\audio</Filter>
    </ClCompile>
    <ClCompile Include="qemu\hw\hda-audio.c">
      <Filter>qemu\hw\src</Filter>
    </ClCompile>
    <ClCompile Include="qemu\hw\intel-hda.c">
      <Filter>qemu\hw\src</Filter>
    </ClCompile>
    <ClCompile Include="qemu\hw\ioh3420.c">
      <Filter>qemu\hw\src</Filter>
    </ClCompile>
    <ClCompile Include="qemu\hw\msi.c">
      <Filter>qemu\hw\src</Filter>
    </ClCompile>
    <ClCompile Include="qemu\hw\pci_bridge.c">
      <Filter>qemu\hw\src</Filter>
    </ClCompile>
    <ClCompile Include="qemu\hw\pcie.c">
      <Filter>qemu\hw\src</Filter>
    </ClCompile>
    <ClCompile Include="qemu\hw\pcie_aer.c">
      <Filter>qemu\hw\src</Filter>
    </ClCompile>
    <ClCompile Include="qemu\hw\pcie_port.c">
      <Filter>qemu\hw\src</Filter>
    </ClCompile>
    <ClCompile Include="qemu\hw\pcnet-pci.c">
      <Filter>qemu\hw\src</Filter>
    </ClCompile>
    <ClCompile Include="qemu\hw\xio3130_downstream.c">
      <Filter>qemu\hw\src</Filter>
    </ClCompile>
    <ClCompile Include="qemu\hw\xio3130_upstream.c">
      <Filter>qemu\hw\src</Filter>
    </ClCompile>
    <ClCompile Include="qemu\block\qed.c">
      <Filter>qemu\block\src</Filter>
    </ClCompile>
    <ClCompile Include="qemu\block\qed-check.c">
      <Filter>qemu\block\src</Filter>
    </ClCompile>
    <ClCompile Include="qemu\block\qed-cluster.c">
      <Filter>qemu\block\src</Filter>
    </ClCompile>
    <ClCompile Include="qemu\block\qed-gencb.c">
      <Filter>qemu\block\src</Filter>
    </ClCompile>
    <ClCompile Include="qemu\block\qed-l2-cache.c">
      <Filter>qemu\block\src</Filter>
    </ClCompile>
    <ClCompile Include="qemu\block\qed-table.c">
      <Filter>qemu\block\src</Filter>
    </ClCompile>
    <ClCompile Include="qemu\block\rbd.c">
      <Filter>qemu\block\src</Filter>
    </ClCompile>
    <ClCompile Include="qemu\hw\ide\ahci.c">
      <Filter>qemu\hw\IDE</Filter>
    </ClCompile>
    <ClCompile Include="qemu\hw\qxl.c">
      <Filter>qemu\hw\src</Filter>
    </ClCompile>
    <ClCompile Include="qemu\hw\qxl-logger.c">
      <Filter>qemu\hw\src</Filter>
    </ClCompile>
    <ClCompile Include="qemu\hw\qxl-render.c">
      <Filter>qemu\hw\src</Filter>
    </ClCompile>
    <ClCompile Include="qemu\hw\pci-stub.c">
      <Filter>qemu\hw\src</Filter>
    </ClCompile>
    <ClCompile Include="qemu\hw\usb-desc.c">
      <Filter>qemu\hw\src</Filter>
    </ClCompile>
    <ClCompile Include="qemu\hw\leon3.c">
      <Filter>qemu\hw\src</Filter>
    </ClCompile>
    <ClCompile Include="qemu\hw\grlib_apbuart.c">
      <Filter>qemu\hw\src</Filter>
    </ClCompile>
    <ClCompile Include="qemu\hw\grlib_gptimer.c">
      <Filter>qemu\hw\src</Filter>
    </ClCompile>
    <ClCompile Include="qemu\hw\grlib_irqmp.c">
      <Filter>qemu\hw\src</Filter>
    </ClCompile>
    <ClCompile Include="qemu\block\qcow2-cache.c">
      <Filter>qemu\block\src</Filter>
    </ClCompile>
    <ClCompile Include="qemu\spice-qemu-char.c">
      <Filter>Source Files</Filter>
    </ClCompile>
    <ClCompile Include="qemu\bitmap.c">
      <Filter>qemu\src</Filter>
    </ClCompile>
    <ClCompile Include="qemu\bitops.c">
      <Filter>qemu\src</Filter>
    </ClCompile>
    <ClCompile Include="qemu\hw\kvmclock.c">
      <Filter>qemu\hw\src</Filter>
    </ClCompile>
    <ClCompile Include="qemu\hw\ide\ich.c">
      <Filter>qemu\hw\IDE</Filter>
    </ClCompile>
    <ClCompile Include="qemu\ui\vnc-enc-zrle.c">
      <Filter>qemu\ui\src</Filter>
    </ClCompile>
    <ClCompile Include="qemu\ui\vnc-enc-zrle-template.c">
      <Filter>qemu\ui\src</Filter>
    </ClCompile>
    <ClCompile Include="qemu\ui\vnc-enc-zywrle-template.c">
      <Filter>qemu\ui\src</Filter>
    </ClCompile>
    <ClCompile Include="qemu\hw\lm32_boards.c">
      <Filter>qemu\hw\src</Filter>
    </ClCompile>
    <ClCompile Include="qemu\hw\lm32_juart.c">
      <Filter>qemu\hw\src</Filter>
    </ClCompile>
    <ClCompile Include="qemu\hw\lm32_pic.c">
      <Filter>qemu\hw\src</Filter>
    </ClCompile>
    <ClCompile Include="qemu\hw\lm32_sys.c">
      <Filter>qemu\hw\src</Filter>
    </ClCompile>
    <ClCompile Include="qemu\hw\lm32_timer.c">
      <Filter>qemu\hw\src</Filter>
    </ClCompile>
    <ClCompile Include="qemu\hw\lm32_uart.c">
      <Filter>qemu\hw\src</Filter>
    </ClCompile>
    <ClCompile Include="qemu\hw\petalogix_ml605_mmu.c">
      <Filter>qemu\hw\src</Filter>
    </ClCompile>
    <ClCompile Include="qemu\hw\petalogix_s3adsp1800_mmu.c">
      <Filter>qemu\hw\src</Filter>
    </ClCompile>
    <ClCompile Include="qemu\hw\xilinx_axidma.c">
      <Filter>qemu\hw\src</Filter>
    </ClCompile>
    <ClCompile Include="qemu\hw\xilinx_axienet.c">
      <Filter>qemu\hw\src</Filter>
    </ClCompile>
    <ClCompile Include="qemu\qemu-thread-posix.c">
      <Filter>qemu\src</Filter>
    </ClCompile>
    <ClCompile Include="qemu\qemu-thread-win32.c">
      <Filter>qemu\src</Filter>
    </ClCompile>
    <ClCompile Include="qemu\iohandler.c">
      <Filter>qemu\src</Filter>
    </ClCompile>
    <ClCompile Include="qemu\qemu-progress.c">
      <Filter>qemu\src</Filter>
    </ClCompile>
    <ClCompile Include="qemu\hw\9pfs\virtio-9p.c">
      <Filter>qemu\hw\9pfs</Filter>
    </ClCompile>
    <ClCompile Include="qemu\hw\9pfs\virtio-9p-debug.c">
      <Filter>qemu\hw\9pfs</Filter>
    </ClCompile>
    <ClCompile Include="qemu\hw\9pfs\virtio-9p-local.c">
      <Filter>qemu\hw\9pfs</Filter>
    </ClCompile>
    <ClCompile Include="qemu\hw\9pfs\virtio-9p-posix-acl.c">
      <Filter>qemu\hw\9pfs</Filter>
    </ClCompile>
    <ClCompile Include="qemu\hw\9pfs\virtio-9p-xattr.c">
      <Filter>qemu\hw\9pfs</Filter>
    </ClCompile>
    <ClCompile Include="qemu\hw\9pfs\virtio-9p-xattr-user.c">
      <Filter>qemu\hw\9pfs</Filter>
    </ClCompile>
    <ClCompile Include="qemu\hw\ide\atapi.c">
      <Filter>qemu\hw\IDE</Filter>
    </ClCompile>
    <ClCompile Include="qemu\xen-all.c">
      <Filter>qemu\src</Filter>
    </ClCompile>
    <ClCompile Include="qemu\xen-mapcache.c">
      <Filter>qemu\src</Filter>
    </ClCompile>
    <ClCompile Include="qemu\xen-mapcache-stub.c">
      <Filter>qemu\src</Filter>
    </ClCompile>
    <ClCompile Include="qemu\xen-stub.c">
      <Filter>qemu\src</Filter>
    </ClCompile>
    <ClCompile Include="qemu\hw\usb-ehci.c">
      <Filter>qemu\hw\src</Filter>
    </ClCompile>
    <ClCompile Include="qemu\error.c">
      <Filter>qemu\src</Filter>
    </ClCompile>
    <ClCompile Include="qemu\hw\sga.c">
      <Filter>qemu\hw\src</Filter>
    </ClCompile>
    <ClCompile Include="qemu\hw\xen_platform.c">
      <Filter>qemu\hw\src</Filter>
    </ClCompile>
    <ClCompile Include="qemu\hw\9pfs\virtio-9p-device.c">
      <Filter>qemu\hw\9pfs</Filter>
    </ClCompile>
  </ItemGroup>
  <ItemGroup>
    <ClInclude Include="float80-port.h">
      <Filter>Header Files</Filter>
    </ClInclude>
    <ClInclude Include="stdafx.h">
      <Filter>Header Files</Filter>
    </ClInclude>
    <ClInclude Include="targetver.h">
      <Filter>Header Files</Filter>
    </ClInclude>
    <ClInclude Include="qemu\a.out.h">
      <Filter>qemu\inc</Filter>
    </ClInclude>
    <ClInclude Include="qemu\aes.h">
      <Filter>qemu\inc</Filter>
    </ClInclude>
    <ClInclude Include="qemu\balloon.h">
      <Filter>qemu\inc</Filter>
    </ClInclude>
    <ClInclude Include="qemu\block.h">
      <Filter>qemu\inc</Filter>
    </ClInclude>
    <ClInclude Include="qemu\block_int.h">
      <Filter>qemu\inc</Filter>
    </ClInclude>
    <ClInclude Include="qemu\bswap.h">
      <Filter>qemu\inc</Filter>
    </ClInclude>
    <ClInclude Include="qemu\buffered_file.h">
      <Filter>qemu\inc</Filter>
    </ClInclude>
    <ClInclude Include="qemu\cache-utils.h">
      <Filter>qemu\inc</Filter>
    </ClInclude>
    <ClInclude Include="qemu\config-host.h">
      <Filter>qemu\inc</Filter>
    </ClInclude>
    <ClInclude Include="qemu\config.h">
      <Filter>qemu\inc</Filter>
    </ClInclude>
    <ClInclude Include="qemu\console.h">
      <Filter>qemu\inc</Filter>
    </ClInclude>
    <ClInclude Include="qemu\cpu-all.h">
      <Filter>qemu\inc</Filter>
    </ClInclude>
    <ClInclude Include="qemu\cpu-defs.h">
      <Filter>qemu\inc</Filter>
    </ClInclude>
    <ClInclude Include="qemu\def-helper.h">
      <Filter>qemu\inc</Filter>
    </ClInclude>
    <ClInclude Include="qemu\device_tree.h">
      <Filter>qemu\inc</Filter>
    </ClInclude>
    <ClInclude Include="qemu\dis-asm.h">
      <Filter>qemu\inc</Filter>
    </ClInclude>
    <ClInclude Include="qemu\disas.h">
      <Filter>qemu\inc</Filter>
    </ClInclude>
    <ClInclude Include="qemu\dma.h">
      <Filter>qemu\inc</Filter>
    </ClInclude>
    <ClInclude Include="qemu\dyngen-exec.h">
      <Filter>qemu\inc</Filter>
    </ClInclude>
    <ClInclude Include="qemu\elf.h">
      <Filter>qemu\inc</Filter>
    </ClInclude>
    <ClInclude Include="qemu\exec-all.h">
      <Filter>qemu\inc</Filter>
    </ClInclude>
    <ClInclude Include="qemu\gdbstub.h">
      <Filter>qemu\inc</Filter>
    </ClInclude>
    <ClInclude Include="qemu\gen-icount.h">
      <Filter>qemu\inc</Filter>
    </ClInclude>
    <ClInclude Include="qemu\host-utils.h">
      <Filter>qemu\inc</Filter>
    </ClInclude>
    <ClInclude Include="qemu\hostregs_helper.h">
      <Filter>qemu\inc</Filter>
    </ClInclude>
    <ClInclude Include="qemu\hpet.h">
      <Filter>qemu\inc</Filter>
    </ClInclude>
    <ClInclude Include="qemu\kvm.h">
      <Filter>qemu\inc</Filter>
    </ClInclude>
    <ClInclude Include="qemu\libfdt_env.h">
      <Filter>qemu\inc</Filter>
    </ClInclude>
    <ClInclude Include="qemu\mathex.h">
      <Filter>qemu\inc</Filter>
    </ClInclude>
    <ClInclude Include="qemu\mathimf.h">
      <Filter>qemu\inc</Filter>
    </ClInclude>
    <ClInclude Include="qemu\migration.h">
      <Filter>qemu\inc</Filter>
    </ClInclude>
    <ClInclude Include="qemu\nbd.h">
      <Filter>qemu\inc</Filter>
    </ClInclude>
    <ClInclude Include="qemu\net.h">
      <Filter>qemu\inc</Filter>
    </ClInclude>
    <ClInclude Include="qemu\osdep.h">
      <Filter>qemu\inc</Filter>
    </ClInclude>
    <ClInclude Include="qemu\posix-aio-compat.h">
      <Filter>qemu\inc</Filter>
    </ClInclude>
    <ClInclude Include="qemu\qemu-aio.h">
      <Filter>qemu\inc</Filter>
    </ClInclude>
    <ClInclude Include="qemu\qemu-char.h">
      <Filter>qemu\inc</Filter>
    </ClInclude>
    <ClInclude Include="qemu\qemu-common.h">
      <Filter>qemu\inc</Filter>
    </ClInclude>
    <ClInclude Include="qemu\qemu-lock.h">
      <Filter>qemu\inc</Filter>
    </ClInclude>
    <ClInclude Include="qemu\qemu-log.h">
      <Filter>qemu\inc</Filter>
    </ClInclude>
    <ClInclude Include="qemu\qemu-timer.h">
      <Filter>qemu\inc</Filter>
    </ClInclude>
    <ClInclude Include="qemu\qemu_socket.h">
      <Filter>qemu\inc</Filter>
    </ClInclude>
    <ClInclude Include="qemu\softmmu-semi.h">
      <Filter>qemu\inc</Filter>
    </ClInclude>
    <ClInclude Include="qemu\softmmu_defs.h">
      <Filter>qemu\inc</Filter>
    </ClInclude>
    <ClInclude Include="qemu\softmmu_exec.h">
      <Filter>qemu\inc</Filter>
    </ClInclude>
    <ClInclude Include="qemu\softmmu_header.h">
      <Filter>qemu\inc</Filter>
    </ClInclude>
    <ClInclude Include="qemu\softmmu_template.h">
      <Filter>qemu\inc</Filter>
    </ClInclude>
    <ClInclude Include="qemu\sys-queue.h">
      <Filter>qemu\inc</Filter>
    </ClInclude>
    <ClInclude Include="qemu\sysemu.h">
      <Filter>qemu\inc</Filter>
    </ClInclude>
    <ClInclude Include="qemu\thunk.h">
      <Filter>qemu\inc</Filter>
    </ClInclude>
    <ClInclude Include="qemu\uboot_image.h">
      <Filter>qemu\inc</Filter>
    </ClInclude>
    <ClInclude Include="qemu\vgafont.h">
      <Filter>qemu\inc</Filter>
    </ClInclude>
    <ClInclude Include="qemu\audio\audio.h">
      <Filter>qemu\audio</Filter>
    </ClInclude>
    <ClInclude Include="qemu\audio\audio_int.h">
      <Filter>qemu\audio</Filter>
    </ClInclude>
    <ClInclude Include="qemu\audio\audio_pt_int.h">
      <Filter>qemu\audio</Filter>
    </ClInclude>
    <ClInclude Include="qemu\audio\audio_template.h">
      <Filter>qemu\audio</Filter>
    </ClInclude>
    <ClInclude Include="qemu\audio\dsound_template.h">
      <Filter>qemu\audio</Filter>
    </ClInclude>
    <ClInclude Include="qemu\audio\mixeng.h">
      <Filter>qemu\audio</Filter>
    </ClInclude>
    <ClInclude Include="qemu\audio\mixeng_template.h">
      <Filter>qemu\audio</Filter>
    </ClInclude>
    <ClInclude Include="qemu\audio\rate_template.h">
      <Filter>qemu\audio</Filter>
    </ClInclude>
    <ClInclude Include="qemu\fpu\softfloat-macros.h">
      <Filter>qemu\fpu</Filter>
    </ClInclude>
    <ClInclude Include="qemu\fpu\softfloat-specialize.h">
      <Filter>qemu\fpu</Filter>
    </ClInclude>
    <ClInclude Include="qemu\fpu\softfloat.h">
      <Filter>qemu\fpu</Filter>
    </ClInclude>
    <ClInclude Include="qemu\hw\arm-misc.h">
      <Filter>qemu\hw\inc</Filter>
    </ClInclude>
    <ClInclude Include="qemu\hw\audiodev.h">
      <Filter>qemu\hw\inc</Filter>
    </ClInclude>
    <ClInclude Include="qemu\hw\baum.h">
      <Filter>qemu\hw\inc</Filter>
    </ClInclude>
    <ClInclude Include="qemu\hw\blizzard_template.h">
      <Filter>qemu\hw\inc</Filter>
    </ClInclude>
    <ClInclude Include="qemu\hw\boards.h">
      <Filter>qemu\hw\inc</Filter>
    </ClInclude>
    <ClInclude Include="qemu\hw\bt.h">
      <Filter>qemu\hw\inc</Filter>
    </ClInclude>
    <ClInclude Include="qemu\hw\cirrus_vga_rop.h">
      <Filter>qemu\hw\inc</Filter>
    </ClInclude>
    <ClInclude Include="qemu\hw\cirrus_vga_rop2.h">
      <Filter>qemu\hw\inc</Filter>
    </ClInclude>
    <ClInclude Include="qemu\hw\devices.h">
      <Filter>qemu\hw\inc</Filter>
    </ClInclude>
    <ClInclude Include="qemu\hw\e1000_hw.h">
      <Filter>qemu\hw\inc</Filter>
    </ClInclude>
    <ClInclude Include="qemu\hw\eeprom93xx.h">
      <Filter>qemu\hw\inc</Filter>
    </ClInclude>
    <ClInclude Include="qemu\hw\escc.h">
      <Filter>qemu\hw\inc</Filter>
    </ClInclude>
    <ClInclude Include="qemu\hw\etraxfs.h">
      <Filter>qemu\hw\inc</Filter>
    </ClInclude>
    <ClInclude Include="qemu\hw\etraxfs_dma.h">
      <Filter>qemu\hw\inc</Filter>
    </ClInclude>
    <ClInclude Include="qemu\hw\fdc.h">
      <Filter>qemu\hw\inc</Filter>
    </ClInclude>
    <ClInclude Include="qemu\hw\firmware_abi.h">
      <Filter>qemu\hw\inc</Filter>
    </ClInclude>
    <ClInclude Include="qemu\hw\flash.h">
      <Filter>qemu\hw\inc</Filter>
    </ClInclude>
    <ClInclude Include="qemu\hw\fmopl.h">
      <Filter>qemu\hw\inc</Filter>
    </ClInclude>
    <ClInclude Include="qemu\hw\fw_cfg.h">
      <Filter>qemu\hw\inc</Filter>
    </ClInclude>
    <ClInclude Include="qemu\hw\gusemu.h">
      <Filter>qemu\hw\inc</Filter>
    </ClInclude>
    <ClInclude Include="qemu\hw\gustate.h">
      <Filter>qemu\hw\inc</Filter>
    </ClInclude>
    <ClInclude Include="qemu\hw\hpet_emul.h">
      <Filter>qemu\hw\inc</Filter>
    </ClInclude>
    <ClInclude Include="qemu\hw\hw.h">
      <Filter>qemu\hw\inc</Filter>
    </ClInclude>
    <ClInclude Include="qemu\hw\i2c.h">
      <Filter>qemu\hw\inc</Filter>
    </ClInclude>
    <ClInclude Include="qemu\hw\irq.h">
      <Filter>qemu\hw\inc</Filter>
    </ClInclude>
    <ClInclude Include="qemu\hw\isa.h">
      <Filter>qemu\hw\inc</Filter>
    </ClInclude>
    <ClInclude Include="qemu\hw\mac_dbdma.h">
      <Filter>qemu\hw\inc</Filter>
    </ClInclude>
    <ClInclude Include="qemu\hw\mainstone.h">
      <Filter>qemu\hw\inc</Filter>
    </ClInclude>
    <ClInclude Include="qemu\hw\mcf.h">
      <Filter>qemu\hw\inc</Filter>
    </ClInclude>
    <ClInclude Include="qemu\hw\mips.h">
      <Filter>qemu\hw\inc</Filter>
    </ClInclude>
    <ClInclude Include="qemu\hw\msmouse.h">
      <Filter>qemu\hw\inc</Filter>
    </ClInclude>
    <ClInclude Include="qemu\hw\nvram.h">
      <Filter>qemu\hw\inc</Filter>
    </ClInclude>
    <ClInclude Include="qemu\hw\omap.h">
      <Filter>qemu\hw\inc</Filter>
    </ClInclude>
    <ClInclude Include="qemu\hw\omap_lcd_template.h">
      <Filter>qemu\hw\inc</Filter>
    </ClInclude>
    <ClInclude Include="qemu\hw\openpic.h">
      <Filter>qemu\hw\inc</Filter>
    </ClInclude>
    <ClInclude Include="qemu\hw\pc.h">
      <Filter>qemu\hw\inc</Filter>
    </ClInclude>
    <ClInclude Include="qemu\hw\pci.h">
      <Filter>qemu\hw\inc</Filter>
    </ClInclude>
    <ClInclude Include="qemu\hw\pci_host.h">
      <Filter>qemu\hw\inc</Filter>
    </ClInclude>
    <ClInclude Include="qemu\hw\pcmcia.h">
      <Filter>qemu\hw\inc</Filter>
    </ClInclude>
    <ClInclude Include="qemu\hw\pixel_ops.h">
      <Filter>qemu\hw\inc</Filter>
    </ClInclude>
    <ClInclude Include="qemu\hw\pl110_template.h">
      <Filter>qemu\hw\inc</Filter>
    </ClInclude>
    <ClInclude Include="qemu\hw\ppc.h">
      <Filter>qemu\hw\inc</Filter>
    </ClInclude>
    <ClInclude Include="qemu\hw\ppc405.h">
      <Filter>qemu\hw\inc</Filter>
    </ClInclude>
    <ClInclude Include="qemu\hw\ppc440.h">
      <Filter>qemu\hw\inc</Filter>
    </ClInclude>
    <ClInclude Include="qemu\hw\ppc4xx.h">
      <Filter>qemu\hw\inc</Filter>
    </ClInclude>
    <ClInclude Include="qemu\hw\ppc_mac.h">
      <Filter>qemu\hw\inc</Filter>
    </ClInclude>
    <ClInclude Include="qemu\hw\ppce500.h">
      <Filter>qemu\hw\inc</Filter>
    </ClInclude>
    <ClInclude Include="qemu\hw\primecell.h">
      <Filter>qemu\hw\inc</Filter>
    </ClInclude>
    <ClInclude Include="qemu\hw\ps2.h">
      <Filter>qemu\hw\inc</Filter>
    </ClInclude>
    <ClInclude Include="qemu\hw\pxa.h">
      <Filter>qemu\hw\inc</Filter>
    </ClInclude>
    <ClInclude Include="qemu\hw\pxa2xx_template.h">
      <Filter>qemu\hw\inc</Filter>
    </ClInclude>
    <ClInclude Include="qemu\hw\esp.h">
      <Filter>qemu\hw\inc</Filter>
    </ClInclude>
    <ClInclude Include="qemu\hw\sd.h">
      <Filter>qemu\hw\inc</Filter>
    </ClInclude>
    <ClInclude Include="qemu\hw\sh.h">
      <Filter>qemu\hw\inc</Filter>
    </ClInclude>
    <ClInclude Include="qemu\hw\sh7750_regnames.h">
      <Filter>qemu\hw\inc</Filter>
    </ClInclude>
    <ClInclude Include="qemu\hw\sh7750_regs.h">
      <Filter>qemu\hw\inc</Filter>
    </ClInclude>
    <ClInclude Include="qemu\hw\sh_intc.h">
      <Filter>qemu\hw\inc</Filter>
    </ClInclude>
    <ClInclude Include="qemu\hw\sharpsl.h">
      <Filter>qemu\hw\inc</Filter>
    </ClInclude>
    <ClInclude Include="qemu\hw\sm501_template.h">
      <Filter>qemu\hw\inc</Filter>
    </ClInclude>
    <ClInclude Include="qemu\hw\smbus.h">
      <Filter>qemu\hw\inc</Filter>
    </ClInclude>
    <ClInclude Include="qemu\hw\soc_dma.h">
      <Filter>qemu\hw\inc</Filter>
    </ClInclude>
    <ClInclude Include="qemu\hw\sparc32_dma.h">
      <Filter>qemu\hw\inc</Filter>
    </ClInclude>
    <ClInclude Include="qemu\hw\sun4m.h">
      <Filter>qemu\hw\inc</Filter>
    </ClInclude>
    <ClInclude Include="qemu\hw\tc6393xb_template.h">
      <Filter>qemu\hw\inc</Filter>
    </ClInclude>
    <ClInclude Include="qemu\hw\usb.h">
      <Filter>qemu\hw\inc</Filter>
    </ClInclude>
    <ClInclude Include="qemu\hw\vga_int.h">
      <Filter>qemu\hw\inc</Filter>
    </ClInclude>
    <ClInclude Include="qemu\hw\vga_template.h">
      <Filter>qemu\hw\inc</Filter>
    </ClInclude>
    <ClInclude Include="qemu\hw\virtio-balloon.h">
      <Filter>qemu\hw\inc</Filter>
    </ClInclude>
    <ClInclude Include="qemu\hw\virtio-blk.h">
      <Filter>qemu\hw\inc</Filter>
    </ClInclude>
    <ClInclude Include="qemu\hw\virtio-console.h">
      <Filter>qemu\hw\inc</Filter>
    </ClInclude>
    <ClInclude Include="qemu\hw\virtio-net.h">
      <Filter>qemu\hw\inc</Filter>
    </ClInclude>
    <ClInclude Include="qemu\hw\virtio.h">
      <Filter>qemu\hw\inc</Filter>
    </ClInclude>
    <ClInclude Include="qemu\tcg\tcg-op.h">
      <Filter>qemu\tcg</Filter>
    </ClInclude>
    <ClInclude Include="qemu\tcg\tcg-opc.h">
      <Filter>qemu\tcg</Filter>
    </ClInclude>
    <ClInclude Include="qemu\tcg\tcg.h">
      <Filter>qemu\tcg</Filter>
    </ClInclude>
    <ClInclude Include="qemu\tcg\i386\tcg-target.h">
      <Filter>qemu\tcg\i386</Filter>
    </ClInclude>
    <ClInclude Include="qemu\slirp\bootp.h">
      <Filter>qemu\slirp</Filter>
    </ClInclude>
    <ClInclude Include="qemu\slirp\debug.h">
      <Filter>qemu\slirp</Filter>
    </ClInclude>
    <ClInclude Include="qemu\slirp\if.h">
      <Filter>qemu\slirp</Filter>
    </ClInclude>
    <ClInclude Include="qemu\slirp\ip.h">
      <Filter>qemu\slirp</Filter>
    </ClInclude>
    <ClInclude Include="qemu\slirp\ip_icmp.h">
      <Filter>qemu\slirp</Filter>
    </ClInclude>
    <ClInclude Include="qemu\slirp\libslirp.h">
      <Filter>qemu\slirp</Filter>
    </ClInclude>
    <ClInclude Include="qemu\slirp\main.h">
      <Filter>qemu\slirp</Filter>
    </ClInclude>
    <ClInclude Include="qemu\slirp\mbuf.h">
      <Filter>qemu\slirp</Filter>
    </ClInclude>
    <ClInclude Include="qemu\slirp\misc.h">
      <Filter>qemu\slirp</Filter>
    </ClInclude>
    <ClInclude Include="qemu\slirp\sbuf.h">
      <Filter>qemu\slirp</Filter>
    </ClInclude>
    <ClInclude Include="qemu\slirp\slirp.h">
      <Filter>qemu\slirp</Filter>
    </ClInclude>
    <ClInclude Include="qemu\slirp\slirp_config.h">
      <Filter>qemu\slirp</Filter>
    </ClInclude>
    <ClInclude Include="qemu\slirp\socket.h">
      <Filter>qemu\slirp</Filter>
    </ClInclude>
    <ClInclude Include="qemu\slirp\tcp.h">
      <Filter>qemu\slirp</Filter>
    </ClInclude>
    <ClInclude Include="qemu\slirp\tcp_timer.h">
      <Filter>qemu\slirp</Filter>
    </ClInclude>
    <ClInclude Include="qemu\slirp\tcp_var.h">
      <Filter>qemu\slirp</Filter>
    </ClInclude>
    <ClInclude Include="qemu\slirp\tcpip.h">
      <Filter>qemu\slirp</Filter>
    </ClInclude>
    <ClInclude Include="qemu\slirp\tftp.h">
      <Filter>qemu\slirp</Filter>
    </ClInclude>
    <ClInclude Include="qemu\slirp\udp.h">
      <Filter>qemu\slirp</Filter>
    </ClInclude>
    <ClInclude Include="qemu\target-i386\cpu.h">
      <Filter>qemu\target-i386</Filter>
    </ClInclude>
    <ClInclude Include="qemu\target-i386\exec.h">
      <Filter>qemu\target-i386</Filter>
    </ClInclude>
    <ClInclude Include="qemu\target-i386\helper.h">
      <Filter>qemu\target-i386</Filter>
    </ClInclude>
    <ClInclude Include="qemu\target-i386\helper_template.h">
      <Filter>qemu\target-i386</Filter>
    </ClInclude>
    <ClInclude Include="qemu\target-i386\ops_sse.h">
      <Filter>qemu\target-i386</Filter>
    </ClInclude>
    <ClInclude Include="qemu\target-i386\ops_sse_header.h">
      <Filter>qemu\target-i386</Filter>
    </ClInclude>
    <ClInclude Include="qemu\target-i386\svm.h">
      <Filter>qemu\target-i386</Filter>
    </ClInclude>
    <ClInclude Include="qemu\target-alpha\cpu.h">
      <Filter>qemu\target-alpha</Filter>
    </ClInclude>
    <ClInclude Include="qemu\target-alpha\exec.h">
      <Filter>qemu\target-alpha</Filter>
    </ClInclude>
    <ClInclude Include="qemu\target-alpha\helper.h">
      <Filter>qemu\target-alpha</Filter>
    </ClInclude>
    <ClInclude Include="qemu\acl.h">
      <Filter>qemu\inc</Filter>
    </ClInclude>
    <ClInclude Include="qemu\hw\smbios.h">
      <Filter>qemu\hw\inc</Filter>
    </ClInclude>
    <ClInclude Include="qemu\qemu-thread.h">
      <Filter>qemu\inc</Filter>
    </ClInclude>
    <ClInclude Include="qemu\hw\watchdog.h">
      <Filter>qemu\hw\inc</Filter>
    </ClInclude>
    <ClInclude Include="qemu\module.h">
      <Filter>qemu\inc</Filter>
    </ClInclude>
    <ClInclude Include="qemu\hw\sysbus.h">
      <Filter>qemu\inc</Filter>
    </ClInclude>
    <ClInclude Include="qemu\hw\ssi.h">
      <Filter>qemu\hw\inc</Filter>
    </ClInclude>
    <ClInclude Include="qemu\cpu-common.h">
      <Filter>qemu\inc</Filter>
    </ClInclude>
    <ClInclude Include="qemu\targphys.h">
      <Filter>qemu\inc</Filter>
    </ClInclude>
    <ClInclude Include="qemu\hw\poison.h">
      <Filter>qemu\inc</Filter>
    </ClInclude>
    <ClInclude Include="qemu\qemu-option.h">
      <Filter>qemu\inc</Filter>
    </ClInclude>
    <ClInclude Include="outside_qemu_tree_custom\clock_gettime.h">
      <Filter>qemu\inc</Filter>
    </ClInclude>
    <ClInclude Include="qemu\block\qcow2.h">
      <Filter>qemu\block\inc</Filter>
    </ClInclude>
    <ClInclude Include="qemu\hw\msix.h">
      <Filter>qemu\hw\inc</Filter>
    </ClInclude>
    <ClInclude Include="qemu\ioport.h">
      <Filter>qemu\inc</Filter>
    </ClInclude>
    <ClInclude Include="qemu\hw\qdev-addr.h">
      <Filter>qemu\hw\inc</Filter>
    </ClInclude>
    <ClInclude Include="qemu\qemu-config.h">
      <Filter>qemu\inc</Filter>
    </ClInclude>
    <ClInclude Include="qemu\block\raw-posix-aio.h">
      <Filter>qemu\block\inc</Filter>
    </ClInclude>
    <ClInclude Include="qemu\qint.h">
      <Filter>qemu\inc</Filter>
    </ClInclude>
    <ClInclude Include="qemu\qobject.h">
      <Filter>qemu\inc</Filter>
    </ClInclude>
    <ClInclude Include="qemu\qstring.h">
      <Filter>qemu\inc</Filter>
    </ClInclude>
    <ClInclude Include="qemu\qdict.h">
      <Filter>qemu\inc</Filter>
    </ClInclude>
    <ClInclude Include="qemu\hw\ide\internal.h">
      <Filter>qemu\hw\IDE</Filter>
    </ClInclude>
    <ClInclude Include="qemu\hw\ne2000.h">
      <Filter>qemu\hw\inc</Filter>
    </ClInclude>
    <ClInclude Include="qemu\hw\loader.h">
      <Filter>qemu\hw\inc</Filter>
    </ClInclude>
    <ClInclude Include="qemu\hw\elf_ops.h">
      <Filter>qemu\hw\inc</Filter>
    </ClInclude>
    <ClInclude Include="config-target.h">
      <Filter>qemu\inc</Filter>
    </ClInclude>
    <ClInclude Include="qemu\qlist.h">
      <Filter>qemu\inc</Filter>
    </ClInclude>
    <ClInclude Include="qemu\audio\audio_win_int.h">
      <Filter>qemu\audio</Filter>
    </ClInclude>
    <ClInclude Include="qemu\hw\ide\pci.h">
      <Filter>qemu\hw\IDE</Filter>
    </ClInclude>
    <ClInclude Include="qemu\hw\pcnet.h">
      <Filter>qemu\hw\inc</Filter>
    </ClInclude>
    <ClInclude Include="qemu\tap-linux.h">
      <Filter>qemu\inc</Filter>
    </ClInclude>
    <ClInclude Include="qemu\net\queue.h">
      <Filter>qemu\net\inc</Filter>
    </ClInclude>
    <ClInclude Include="qemu\net\checksum.h">
      <Filter>qemu\net\inc</Filter>
    </ClInclude>
    <ClInclude Include="qemu\net\tap.h">
      <Filter>qemu\net\inc</Filter>
    </ClInclude>
    <ClInclude Include="qemu\net\tap-linux.h">
      <Filter>qemu\net\inc</Filter>
    </ClInclude>
    <ClInclude Include="qemu\hw\pcie_host.h">
      <Filter>qemu\hw\inc</Filter>
    </ClInclude>
    <ClInclude Include="qemu\block-migration.h">
      <Filter>qemu\inc</Filter>
    </ClInclude>
    <ClInclude Include="qemu\qfloat.h">
      <Filter>qemu\inc</Filter>
    </ClInclude>
    <ClInclude Include="qemu\qbool.h">
      <Filter>qemu\inc</Filter>
    </ClInclude>
    <ClInclude Include="qemu\json-lexer.h">
      <Filter>qemu\inc</Filter>
    </ClInclude>
    <ClInclude Include="qemu\json-parser.h">
      <Filter>qemu\inc</Filter>
    </ClInclude>
    <ClInclude Include="qemu\json-streamer.h">
      <Filter>qemu\inc</Filter>
    </ClInclude>
    <ClInclude Include="qemu\qjson.h">
      <Filter>qemu\inc</Filter>
    </ClInclude>
    <ClInclude Include="qemu\hw\bitbang_i2c.h">
      <Filter>qemu\hw\inc</Filter>
    </ClInclude>
    <ClInclude Include="qemu\hw\apb_pci.h">
      <Filter>qemu\hw\inc</Filter>
    </ClInclude>
    <ClInclude Include="qemu\hw\prep_pci.h">
      <Filter>qemu\hw\inc</Filter>
    </ClInclude>
    <ClInclude Include="qemu\hw\sh_pci.h">
      <Filter>qemu\hw\inc</Filter>
    </ClInclude>
    <ClInclude Include="qemu\hw\usb-ohci.h">
      <Filter>qemu\hw\inc</Filter>
    </ClInclude>
    <ClInclude Include="qemu\hw\usb-uhci.h">
      <Filter>qemu\hw\inc</Filter>
    </ClInclude>
    <ClInclude Include="qemu\hw\vmware_vga.h">
      <Filter>qemu\hw\inc</Filter>
    </ClInclude>
    <ClInclude Include="qemu\qerror.h">
      <Filter>qemu\inc</Filter>
    </ClInclude>
    <ClInclude Include="qemu\net\dump.h">
      <Filter>qemu\net\inc</Filter>
    </ClInclude>
    <ClInclude Include="qemu\net\slirp.h">
      <Filter>qemu\net\inc</Filter>
    </ClInclude>
    <ClInclude Include="qemu\net\socket.h">
      <Filter>qemu\net\inc</Filter>
    </ClInclude>
    <ClInclude Include="qemu\net\util.h">
      <Filter>qemu\net\inc</Filter>
    </ClInclude>
    <ClInclude Include="qemu\net\vde.h">
      <Filter>qemu\net\inc</Filter>
    </ClInclude>
    <ClInclude Include="qemu\hw\scsi-defs.h">
      <Filter>qemu\hw\inc</Filter>
    </ClInclude>
    <ClInclude Include="qemu\monitor.h">
      <Filter>qemu\inc</Filter>
    </ClInclude>
    <ClInclude Include="qemu\qemu-objects.h">
      <Filter>qemu\inc</Filter>
    </ClInclude>
    <ClInclude Include="qemu\qemu-error.h">
      <Filter>qemu\inc</Filter>
    </ClInclude>
    <ClInclude Include="qemu\arch_init.h">
      <Filter>qemu\inc</Filter>
    </ClInclude>
    <ClInclude Include="qemu\cpus.h">
      <Filter>qemu\inc</Filter>
    </ClInclude>
    <ClInclude Include="qemu\cmd.h">
      <Filter>qemu\inc</Filter>
    </ClInclude>
    <ClInclude Include="qemu\fsdev\qemu-fsdev.h">
      <Filter>qemu\fsdev</Filter>
    </ClInclude>
    <ClInclude Include="qemu\hw\9p.h">
      <Filter>qemu\hw\inc</Filter>
    </ClInclude>
    <ClInclude Include="qemu\hw\apic.h">
      <Filter>qemu\hw\inc</Filter>
    </ClInclude>
    <ClInclude Include="qemu\hw\multiboot.h">
      <Filter>qemu\hw\inc</Filter>
    </ClInclude>
    <ClInclude Include="qemu\hw\vhost.h">
      <Filter>qemu\hw\inc</Filter>
    </ClInclude>
    <ClInclude Include="qemu\hw\vhost_net.h">
      <Filter>qemu\hw\inc</Filter>
    </ClInclude>
    <ClInclude Include="qemu\notify.h">
      <Filter>qemu\inc</Filter>
    </ClInclude>
    <ClInclude Include="qemu\rwhandler.h">
      <Filter>qemu\inc</Filter>
    </ClInclude>
    <ClInclude Include="qemu\hw\event_notifier.h">
      <Filter>qemu\hw\inc</Filter>
    </ClInclude>
    <ClInclude Include="qemu\hw\virtio-serial.h">
      <Filter>qemu\hw\inc</Filter>
    </ClInclude>
    <ClInclude Include="qemu\iov.h">
      <Filter>qemu\inc</Filter>
    </ClInclude>
    <ClInclude Include="qemu\hw\pm_smbus.h">
      <Filter>qemu\hw\inc</Filter>
    </ClInclude>
    <ClInclude Include="qemu\hw\apm.h">
      <Filter>qemu\hw\inc</Filter>
    </ClInclude>
    <ClInclude Include="qemu\hw\acpi.h">
      <Filter>qemu\hw\inc</Filter>
    </ClInclude>
    <ClInclude Include="qemu\hw\mc146818rtc.h">
      <Filter>qemu\hw\inc</Filter>
    </ClInclude>
    <ClInclude Include="qemu\hw\cris-boot.h">
      <Filter>qemu\hw\inc</Filter>
    </ClInclude>
    <ClInclude Include="qemu\qemu-os-win32.h">
      <Filter>qemu\inc</Filter>
    </ClInclude>
    <ClInclude Include="qemu\qemu-os-posix.h">
      <Filter>qemu\inc</Filter>
    </ClInclude>
    <ClInclude Include="qemu\qemu-options.h">
      <Filter>qemu\inc</Filter>
    </ClInclude>
    <ClInclude Include="qemu\blockdev.h">
      <Filter>qemu\inc</Filter>
    </ClInclude>
    <ClInclude Include="qemu\hw\vt82c686.h">
      <Filter>qemu\hw\inc</Filter>
    </ClInclude>
    <ClInclude Include="qemu\hw\qdev.h">
      <Filter>qemu\hw\inc</Filter>
    </ClInclude>
    <ClInclude Include="qemu\hw\syborg.h">
      <Filter>qemu\hw\inc</Filter>
    </ClInclude>
    <ClInclude Include="qemu\qemu-barrier.h">
      <Filter>qemu\inc</Filter>
    </ClInclude>
    <ClInclude Include="qemu\ui\curses_keys.h">
      <Filter>qemu\ui\inc</Filter>
    </ClInclude>
    <ClInclude Include="qemu\ui\d3des.h">
      <Filter>qemu\ui\inc</Filter>
    </ClInclude>
    <ClInclude Include="qemu\ui\keymaps.h">
      <Filter>qemu\ui\inc</Filter>
    </ClInclude>
    <ClInclude Include="qemu\ui\sdl_keysym.h">
      <Filter>qemu\ui\inc</Filter>
    </ClInclude>
    <ClInclude Include="qemu\ui\sdl_zoom.h">
      <Filter>qemu\ui\inc</Filter>
    </ClInclude>
    <ClInclude Include="qemu\ui\sdl_zoom_template.h">
      <Filter>qemu\ui\inc</Filter>
    </ClInclude>
    <ClInclude Include="qemu\ui\vnc.h">
      <Filter>qemu\ui\inc</Filter>
    </ClInclude>
    <ClInclude Include="qemu\ui\vnc_keysym.h">
      <Filter>qemu\ui\inc</Filter>
    </ClInclude>
    <ClInclude Include="qemu\ui\vnc-auth-sasl.h">
      <Filter>qemu\ui\inc</Filter>
    </ClInclude>
    <ClInclude Include="qemu\ui\vnc-auth-vencrypt.h">
      <Filter>qemu\ui\inc</Filter>
    </ClInclude>
    <ClInclude Include="qemu\ui\vnc-enc-hextile-template.h">
      <Filter>qemu\ui\inc</Filter>
    </ClInclude>
    <ClInclude Include="qemu\ui\vnc-enc-tight.h">
      <Filter>qemu\ui\inc</Filter>
    </ClInclude>
    <ClInclude Include="qemu\ui\vnc-tls.h">
      <Filter>qemu\ui\inc</Filter>
    </ClInclude>
    <ClInclude Include="qemu\ui\x_keymap.h">
      <Filter>qemu\ui\inc</Filter>
    </ClInclude>
    <ClInclude Include="qemu\ui\vnc-jobs.h">
      <Filter>qemu\ui\inc</Filter>
    </ClInclude>
    <ClInclude Include="qemu\ui\vnc-palette.h">
      <Filter>qemu\ui\inc</Filter>
    </ClInclude>
    <ClInclude Include="qemu\simpletrace.h">
      <Filter>qemu\inc</Filter>
    </ClInclude>
    <ClInclude Include="qemu\trace.h">
      <Filter>qemu\inc</Filter>
    </ClInclude>
    <ClInclude Include="qemu\range.h">
      <Filter>qemu\inc</Filter>
    </ClInclude>
    <ClInclude Include="qemu\pflib.h">
      <Filter>qemu\inc</Filter>
    </ClInclude>
    <ClInclude Include="qemu\ui\spice-display.h">
      <Filter>qemu\ui\inc</Filter>
    </ClInclude>
    <ClInclude Include="qemu\ui\qemu-spice.h">
      <Filter>qemu\ui\inc</Filter>
    </ClInclude>
    <ClInclude Include="qemu\compatfd.h">
      <Filter>qemu\inc</Filter>
    </ClInclude>
    <ClInclude Include="qemu\target-i386\kvm_x86.h">
      <Filter>qemu\target-i386</Filter>
    </ClInclude>
    <ClInclude Include="sigcompat.h">
      <Filter>Source Files</Filter>
    </ClInclude>
    <ClInclude Include="qemu\iorange.h">
      <Filter>qemu\inc</Filter>
    </ClInclude>
    <ClInclude Include="qemu\hw\intel-hda.h">
      <Filter>qemu\hw\inc</Filter>
    </ClInclude>
    <ClInclude Include="qemu\hw\intel-hda-defs.h">
      <Filter>qemu\hw\inc</Filter>
    </ClInclude>
    <ClInclude Include="qemu\hw\ioh3420.h">
      <Filter>qemu\hw\inc</Filter>
    </ClInclude>
    <ClInclude Include="qemu\hw\msi.h">
      <Filter>qemu\hw\inc</Filter>
    </ClInclude>
    <ClInclude Include="qemu\hw\pci_bridge.h">
      <Filter>qemu\hw\inc</Filter>
    </ClInclude>
    <ClInclude Include="qemu\hw\pci_ids.h">
      <Filter>qemu\hw\inc</Filter>
    </ClInclude>
    <ClInclude Include="qemu\hw\pci_internals.h">
      <Filter>qemu\hw\inc</Filter>
    </ClInclude>
    <ClInclude Include="qemu\hw\pcie.h">
      <Filter>qemu\hw\inc</Filter>
    </ClInclude>
    <ClInclude Include="qemu\hw\pcie_aer.h">
      <Filter>qemu\hw\inc</Filter>
    </ClInclude>
    <ClInclude Include="qemu\hw\pcie_port.h">
      <Filter>qemu\hw\inc</Filter>
    </ClInclude>
    <ClInclude Include="qemu\hw\pcie_regs.h">
      <Filter>qemu\hw\inc</Filter>
    </ClInclude>
    <ClInclude Include="qemu\hw\xio3130_downstream.h">
      <Filter>qemu\hw\inc</Filter>
    </ClInclude>
    <ClInclude Include="qemu\hw\xio3130_upstream.h">
      <Filter>qemu\hw\inc</Filter>
    </ClInclude>
    <ClInclude Include="qemu\qmp-commands.h">
      <Filter>resource</Filter>
    </ClInclude>
    <ClInclude Include="qemu\block\qed.h">
      <Filter>qemu\block\inc</Filter>
    </ClInclude>
    <ClInclude Include="qemu\block\rbd_types.h">
      <Filter>qemu\block\inc</Filter>
    </ClInclude>
    <ClInclude Include="qemu\hw\qxl.h">
      <Filter>qemu\hw\inc</Filter>
    </ClInclude>
    <ClInclude Include="qemu\hw\usb-desc.h">
      <Filter>qemu\hw\inc</Filter>
    </ClInclude>
    <ClInclude Include="qemu\hw\grlib.h">
      <Filter>qemu\hw\inc</Filter>
    </ClInclude>
    <ClInclude Include="qemu\hw\ioapic.h">
      <Filter>Header Files</Filter>
    </ClInclude>
    <ClInclude Include="qemu\hw\kvmclock.h">
      <Filter>qemu\hw\inc</Filter>
    </ClInclude>
    <ClInclude Include="qemu\bitmap.h">
      <Filter>qemu\inc</Filter>
    </ClInclude>
    <ClInclude Include="qemu\bitops.h">
      <Filter>qemu\inc</Filter>
    </ClInclude>
    <ClInclude Include="qemu\hw\ide\ahci.h">
      <Filter>qemu\hw\IDE</Filter>
    </ClInclude>
    <ClInclude Include="qemu\ui\vnc-enc-zrle.h">
      <Filter>qemu\ui\inc</Filter>
    </ClInclude>
    <ClInclude Include="qemu\ui\vnc-enc-zywrle.h">
      <Filter>qemu\ui\inc</Filter>
    </ClInclude>
    <ClInclude Include="qemu\hw\lm32.h">
      <Filter>qemu\hw\inc</Filter>
    </ClInclude>
    <ClInclude Include="qemu\hw\lm32_hwsetup.h">
      <Filter>qemu\hw\inc</Filter>
    </ClInclude>
    <ClInclude Include="qemu\hw\lm32_juart.h">
      <Filter>qemu\hw\inc</Filter>
    </ClInclude>
    <ClInclude Include="qemu\hw\lm32_pic.h">
      <Filter>qemu\hw\inc</Filter>
    </ClInclude>
    <ClInclude Include="qemu\hw\xilinx_axidma.h">
      <Filter>qemu\hw\inc</Filter>
    </ClInclude>
    <ClInclude Include="qemu\qemu-thread-posix.h">
      <Filter>qemu\inc</Filter>
    </ClInclude>
    <ClInclude Include="qemu\qemu-thread-win32.h">
      <Filter>qemu\inc</Filter>
    </ClInclude>
    <ClInclude Include="qemu\bt-host.h">
      <Filter>qemu\inc</Filter>
    </ClInclude>
    <ClInclude Include="qemu\hw\9pfs\virtio-9p.h">
      <Filter>qemu\hw\9pfs</Filter>
    </ClInclude>
    <ClInclude Include="qemu\hw\9pfs\virtio-9p-debug.h">
      <Filter>qemu\hw\9pfs</Filter>
    </ClInclude>
    <ClInclude Include="qemu\hw\9pfs\virtio-9p-xattr.h">
      <Filter>qemu\hw\9pfs</Filter>
    </ClInclude>
    <ClInclude Include="qemu\fsdev\file-op-9p.h">
      <Filter>qemu\fsdev</Filter>
    </ClInclude>
    <ClInclude Include="qemu\xen-mapcache.h">
      <Filter>qemu\inc</Filter>
    </ClInclude>
    <ClInclude Include="qemu\error.h">
      <Filter>qemu\inc</Filter>
    </ClInclude>
    <ClInclude Include="qemu\error_int.h">
      <Filter>qemu\inc</Filter>
    </ClInclude>
    <ClInclude Include="qemu\hw\virtio-pci.h">
      <Filter>qemu\hw\inc</Filter>
    </ClInclude>
  </ItemGroup>
  <ItemGroup>
    <Text Include="ReadMe.md" />
  </ItemGroup>
  <ItemGroup>
    <None Include="qemu\target-alpha\STATUS">
      <Filter>qemu\target-alpha</Filter>
    </None>
    <None Include="qemu\hxtool">
      <Filter>resource</Filter>
    </None>
    <None Include="qemu\qemu-options.hx">
      <Filter>resource</Filter>
    </None>
    <None Include="qemu\qemu-monitor.hx">
      <Filter>resource</Filter>
    </None>
    <None Include="qemu\hmp-commands.hx">
      <Filter>resource</Filter>
    </None>
    <None Include="qemu\qmp-commands.hx">
      <Filter>resource</Filter>
    </None>
    <None Include="qemu\qemu-options.def">
      <Filter>resource</Filter>
    </None>
  </ItemGroup>
  <ItemGroup>
    <ResourceCompile Include="qemu\version.rc">
      <Filter>resource</Filter>
    </ResourceCompile>
  </ItemGroup>
</Project>